PODS:
  - Alamofire (4.5.1)
  - Crashlytics (3.8.6):
    - Fabric (~> 1.6.3)
  - Fabric (1.6.13)
  - ImageViewer (4.1.0)
  - Kingfisher (3.13.1)
  - Realm (2.10.1):
    - Realm/Headers (= 2.10.1)
  - Realm/Headers (2.10.1)
  - RealmSwift (2.10.1):
    - Realm (= 2.10.1)
  - Zephyr (2.2.3)
  - Zip (0.8.0)

DEPENDENCIES:
  - Alamofire
  - Crashlytics
  - Fabric
  - ImageViewer
  - Kingfisher (~> 3.13.1)
  - RealmSwift
  - Zephyr (from `https://github.com/ArtSabintsev/Zephyr.git`, branch `swift3.2`)
  - Zip (~> 0.8.0)

EXTERNAL SOURCES:
  Zephyr:
    :branch: swift3.2
    :git: https://github.com/ArtSabintsev/Zephyr.git

CHECKOUT OPTIONS:
  Zephyr:
    :commit: 95dec1717e31d1b480bb0f51e77b70a52e7a07af
    :git: https://github.com/ArtSabintsev/Zephyr.git

SPEC CHECKSUMS:
  Alamofire: 2d95912bf4c34f164fdfc335872e8c312acaea4a
  Crashlytics: 95d05f4e4c19a771250c4bd9ce344d996de32bbf
  Fabric: 2fb5676bc811af011a04513451f463dac6803206
  ImageViewer: 163e5832e0a09e31a3e3482cce6e5e9029356174
  Kingfisher: ed9707a409cc47fddafbcd12a43a9757e3600af5
  Realm: fc7a317a5c2c9ba91f5f235ede4e2ea76e9eba0c
  RealmSwift: 505ed6c15942a2e76f5cfa78a8667cfa997ee75b
  Zephyr: bf2a177c211999f5181b6798bb9ee9a34acd26d7
  Zip: bb7d8370de00e50699633d91e03f2ec84f1ee437

PODFILE CHECKSUM: 6b405f469e993aa924858d137334c315649bf177

COCOAPODS: 1.2.1
