PODS:
  - Alamofire (4.5.1)
  - Crashlytics (3.8.6):
    - Fabric (~> 1.6.3)
  - Fabric (1.6.13)
  - ImageViewer (4.1.0)
  - Kingfisher (3.12.2)
  - Realm (2.10.0):
    - Realm/Headers (= 2.10.0)
  - Realm/Headers (2.10.0)
  - RealmSwift (2.10.0):
    - Realm (= 2.10.0)
  - Zephyr (2.2.3)
  - Zip (0.7.0)

DEPENDENCIES:
  - Alamofire
  - Crashlytics
  - Fabric
  - ImageViewer
  - Kingfisher
  - RealmSwift
  - Zephyr
  - Zip

SPEC CHECKSUMS:
  Alamofire: 2d95912bf4c34f164fdfc335872e8c312acaea4a
  Crashlytics: 95d05f4e4c19a771250c4bd9ce344d996de32bbf
  Fabric: 2fb5676bc811af011a04513451f463dac6803206
  ImageViewer: 163e5832e0a09e31a3e3482cce6e5e9029356174
  Kingfisher: 320626678acadfcf47008b3c6841cd882050737b
  Realm: 98b3a25643cf6b3e07d2b99fb43fe0eb9c801dec
  RealmSwift: 34073ad3a31232bbaf7c0db898c037940284cba2
  Zephyr: 9620401cbbd18305b1b4e2752dd67cc283bae30a
  Zip: e34513299ac38c0686d5b24504da7ce343799ab9

PODFILE CHECKSUM: e1493eaabaef5c0c806740ddbfe76ab34dae9070

COCOAPODS: 1.2.1
