// !$*UTF8*$!
{
	archiveVersion = 1;
	classes = {
	};
	objectVersion = 46;
	objects = {

/* Begin PBXBuildFile section */
		476F255309A2D4E82704D9C2 /* Pods_Backlogger.framework in Frameworks */ = {isa = PBXBuildFile; fileRef = C3F978E8CAEB86649F3B7627 /* Pods_Backlogger.framework */; };
		64C8AA31992BA148660D0F1E /* Pods_BackloggerWidget.framework in Frameworks */ = {isa = PBXBuildFile; fileRef = F9891D78015A4CFCBBF294CD /* Pods_BackloggerWidget.framework */; };
		FA09156D1E2AA4210052BCEC /* AppDelegate.swift in Sources */ = {isa = PBXBuildFile; fileRef = FA09156C1E2AA4210052BCEC /* AppDelegate.swift */; };
		FA0915741E2AA4210052BCEC /* Main.storyboard in Resources */ = {isa = PBXBuildFile; fileRef = FA0915721E2AA4210052BCEC /* Main.storyboard */; };
		FA0915761E2AA4210052BCEC /* Assets.xcassets in Resources */ = {isa = PBXBuildFile; fileRef = FA0915751E2AA4210052BCEC /* Assets.xcassets */; };
		FA0915791E2AA4210052BCEC /* LaunchScreen.storyboard in Resources */ = {isa = PBXBuildFile; fileRef = FA0915771E2AA4210052BCEC /* LaunchScreen.storyboard */; };
		FA0915831E2AA9480052BCEC /* PlaylistViewController.swift in Sources */ = {isa = PBXBuildFile; fileRef = FA0915821E2AA9480052BCEC /* PlaylistViewController.swift */; };
		FA0915861E2AA97B0052BCEC /* LibraryViewController.swift in Sources */ = {isa = PBXBuildFile; fileRef = FA0915851E2AA97B0052BCEC /* LibraryViewController.swift */; };
		FA0915881E2AA98C0052BCEC /* MoreViewController.swift in Sources */ = {isa = PBXBuildFile; fileRef = FA0915871E2AA98C0052BCEC /* MoreViewController.swift */; };
		FA09158C1E2AA9AD0052BCEC /* NowPlayingViewController.swift in Sources */ = {isa = PBXBuildFile; fileRef = FA09158B1E2AA9AD0052BCEC /* NowPlayingViewController.swift */; };
		FA09158E1E2AA9BE0052BCEC /* RootViewController.swift in Sources */ = {isa = PBXBuildFile; fileRef = FA09158D1E2AA9BE0052BCEC /* RootViewController.swift */; };
		FA0915921E2AEF2C0052BCEC /* NowPlayingGameView.xib in Resources */ = {isa = PBXBuildFile; fileRef = FA0915911E2AEF2C0052BCEC /* NowPlayingGameView.xib */; };
		FA0915971E2B367B0052BCEC /* NowPlayingGameViewController.swift in Sources */ = {isa = PBXBuildFile; fileRef = FA0915961E2B367B0052BCEC /* NowPlayingGameViewController.swift */; };
		FA0C48901EAC532100F82C7D /* keys.plist in Resources */ = {isa = PBXBuildFile; fileRef = FA0C488F1EAC532100F82C7D /* keys.plist */; };
		FA1854B81ECF22B30031087E /* Util.swift in Sources */ = {isa = PBXBuildFile; fileRef = FA1854B71ECF22B30031087E /* Util.swift */; };
		FA1FFF771EFDFBF50048D907 /* SteamLoginViewController.swift in Sources */ = {isa = PBXBuildFile; fileRef = FA1FFF761EFDFBF50048D907 /* SteamLoginViewController.swift */; };
		FA1FFF791EFEB61E0048D907 /* AddSteamGamesViewController.swift in Sources */ = {isa = PBXBuildFile; fileRef = FA1FFF781EFEB61E0048D907 /* AddSteamGamesViewController.swift */; };
		FA1FFF7B1F001F220048D907 /* AboutViewController.swift in Sources */ = {isa = PBXBuildFile; fileRef = FA1FFF7A1F001F220048D907 /* AboutViewController.swift */; };
		FA1FFF7D1F0152450048D907 /* CharacterCell.xib in Resources */ = {isa = PBXBuildFile; fileRef = FA1FFF7C1F0152450048D907 /* CharacterCell.xib */; };
		FA1FFF7F1F0153690048D907 /* CharacterCell.swift in Sources */ = {isa = PBXBuildFile; fileRef = FA1FFF7E1F0153690048D907 /* CharacterCell.swift */; };
		FA1FFF811F0153E40048D907 /* GameCharacter.swift in Sources */ = {isa = PBXBuildFile; fileRef = FA1FFF801F0153E40048D907 /* GameCharacter.swift */; };
		FA1FFF821F01A5920048D907 /* GameCharacter.swift in Sources */ = {isa = PBXBuildFile; fileRef = FA1FFF801F0153E40048D907 /* GameCharacter.swift */; };
		FA358A521EB9AC4C001EE03D /* Playlist.swift in Sources */ = {isa = PBXBuildFile; fileRef = FA358A511EB9AC4C001EE03D /* Playlist.swift */; };
		FA358A541EBADF23001EE03D /* PlaylistTableCell.xib in Resources */ = {isa = PBXBuildFile; fileRef = FA358A531EBADF23001EE03D /* PlaylistTableCell.xib */; };
		FA358A561EBADF5E001EE03D /* PlaylistTableCell.swift in Sources */ = {isa = PBXBuildFile; fileRef = FA358A551EBADF5E001EE03D /* PlaylistTableCell.swift */; };
		FA358A5A1EBC22F6001EE03D /* PlaylistTitleCell.xib in Resources */ = {isa = PBXBuildFile; fileRef = FA358A591EBC22F6001EE03D /* PlaylistTitleCell.xib */; };
		FA358A5C1EBC2BD2001EE03D /* PlaylistTitleCell.swift in Sources */ = {isa = PBXBuildFile; fileRef = FA358A5B1EBC2BD2001EE03D /* PlaylistTitleCell.swift */; };
		FA358A601EBF7484001EE03D /* PlaylistDescriptionCell.xib in Resources */ = {isa = PBXBuildFile; fileRef = FA358A5F1EBF7484001EE03D /* PlaylistDescriptionCell.xib */; };
		FA358A621EBF865B001EE03D /* PlaylistDescriptionCell.swift in Sources */ = {isa = PBXBuildFile; fileRef = FA358A611EBF865B001EE03D /* PlaylistDescriptionCell.swift */; };
		FA358A641EBFC001001EE03D /* PlaylistAddTableCell.xib in Resources */ = {isa = PBXBuildFile; fileRef = FA358A631EBFC001001EE03D /* PlaylistAddTableCell.xib */; };
		FA358A661EBFC015001EE03D /* PlaylistAddTableCell.swift in Sources */ = {isa = PBXBuildFile; fileRef = FA358A651EBFC015001EE03D /* PlaylistAddTableCell.swift */; };
		FA358A681EC27768001EE03D /* ConsoleSelectionTableViewController.swift in Sources */ = {isa = PBXBuildFile; fileRef = FA358A671EC27768001EE03D /* ConsoleSelectionTableViewController.swift */; };
		FA358A6A1EC2777E001EE03D /* PlaylistDetailsViewController.swift in Sources */ = {isa = PBXBuildFile; fileRef = FA358A691EC2777E001EE03D /* PlaylistDetailsViewController.swift */; };
		FA4B44871E556AD3006A843F /* LibraryAddSearchViewController.swift in Sources */ = {isa = PBXBuildFile; fileRef = FA4B44861E556AD3006A843F /* LibraryAddSearchViewController.swift */; };
		FA4B44891E5625E7006A843F /* SearchResults.swift in Sources */ = {isa = PBXBuildFile; fileRef = FA4B44881E5625E7006A843F /* SearchResults.swift */; };
		FA4B448B1E5D3DC2006A843F /* Field.swift in Sources */ = {isa = PBXBuildFile; fileRef = FA4B448A1E5D3DC2006A843F /* Field.swift */; };
		FA4B448D1E5D3F04006A843F /* Company.swift in Sources */ = {isa = PBXBuildFile; fileRef = FA4B448C1E5D3F04006A843F /* Company.swift */; };
		FA4B448F1E5D3F2D006A843F /* Genre.swift in Sources */ = {isa = PBXBuildFile; fileRef = FA4B448E1E5D3F2D006A843F /* Genre.swift */; };
		FA4B44911E5D3F5A006A843F /* Platform.swift in Sources */ = {isa = PBXBuildFile; fileRef = FA4B44901E5D3F5A006A843F /* Platform.swift */; };
		FA4B44931E5D405E006A843F /* ImageList.swift in Sources */ = {isa = PBXBuildFile; fileRef = FA4B44921E5D405E006A843F /* ImageList.swift */; };
		FA4B44971E5E9743006A843F /* ImageCell.xib in Resources */ = {isa = PBXBuildFile; fileRef = FA4B44961E5E9743006A843F /* ImageCell.xib */; };
		FA4B44991E5E97C5006A843F /* ImageCell.swift in Sources */ = {isa = PBXBuildFile; fileRef = FA4B44981E5E97C5006A843F /* ImageCell.swift */; };
		FA4B449D1E6124CC006A843F /* GameDetailsViewController.swift in Sources */ = {isa = PBXBuildFile; fileRef = FA4B449C1E6124CC006A843F /* GameDetailsViewController.swift */; };
		FA4B449F1E61DF94006A843F /* ImageViewer.xib in Resources */ = {isa = PBXBuildFile; fileRef = FA4B449E1E61DF94006A843F /* ImageViewer.xib */; };
		FA4B44A11E61E3FC006A843F /* ImageViewerController.swift in Sources */ = {isa = PBXBuildFile; fileRef = FA4B44A01E61E3FC006A843F /* ImageViewerController.swift */; };
		FA4B44A31E6262FB006A843F /* ToastOverlayView.xib in Resources */ = {isa = PBXBuildFile; fileRef = FA4B44A21E6262FB006A843F /* ToastOverlayView.xib */; };
		FA544F711F5C675500379505 /* WishlistViewController.swift in Sources */ = {isa = PBXBuildFile; fileRef = FA544F701F5C675500379505 /* WishlistViewController.swift */; };
		FA545BE21F0E740800D2F185 /* PercentViewController.swift in Sources */ = {isa = PBXBuildFile; fileRef = FA545BE11F0E740800D2F185 /* PercentViewController.swift */; };
		FA5C623D1E760413008558BF /* ToastOverlayViewController.swift in Sources */ = {isa = PBXBuildFile; fileRef = FA5C623C1E760413008558BF /* ToastOverlayViewController.swift */; };
		FA68A8CF1EC4C2A500C9CE2E /* AddToPlaylistViewController.swift in Sources */ = {isa = PBXBuildFile; fileRef = FA68A8CE1EC4C2A500C9CE2E /* AddToPlaylistViewController.swift */; };
		FA68A8EF1ECBB06900C9CE2E /* PlaylistFooter.xib in Resources */ = {isa = PBXBuildFile; fileRef = FA68A8EE1ECBB06900C9CE2E /* PlaylistFooter.xib */; };
		FA68A8F11ECBB18400C9CE2E /* PlaylistFooter.swift in Sources */ = {isa = PBXBuildFile; fileRef = FA68A8F01ECBB18400C9CE2E /* PlaylistFooter.swift */; };
		FA8E71CD1E80E61800E7400B /* Publisher.swift in Sources */ = {isa = PBXBuildFile; fileRef = FA8E71CC1E80E61800E7400B /* Publisher.swift */; };
		FA8E71CF1E80E66500E7400B /* Developer.swift in Sources */ = {isa = PBXBuildFile; fileRef = FA8E71CE1E80E66500E7400B /* Developer.swift */; };
		FA98BAC023BDB11300807E18 /* GoogleService-Info.plist in Resources */ = {isa = PBXBuildFile; fileRef = FA98BABF23BDB10500807E18 /* GoogleService-Info.plist */; };
		FA98BAC123BDB11400807E18 /* GoogleService-Info.plist in Resources */ = {isa = PBXBuildFile; fileRef = FA98BABF23BDB10500807E18 /* GoogleService-Info.plist */; };
		FA9CFA361EFCB1B7003E93B8 /* Steam.swift in Sources */ = {isa = PBXBuildFile; fileRef = FA9CFA351EFCB1B7003E93B8 /* Steam.swift */; };
		FAAF9D2223B5CE24009E6CAF /* CloudKit.framework in Frameworks */ = {isa = PBXBuildFile; fileRef = FAAF9D2123B5CE24009E6CAF /* CloudKit.framework */; };
		FABFF2C123BE973600E09095 /* RandomGameBackgroundViewController.swift in Sources */ = {isa = PBXBuildFile; fileRef = FABFF2C023BE973600E09095 /* RandomGameBackgroundViewController.swift */; };
		FABFF2C323BEB44400E09095 /* RandomGameViewController.swift in Sources */ = {isa = PBXBuildFile; fileRef = FABFF2C223BEB44400E09095 /* RandomGameViewController.swift */; };
		FABFF2C723C2D1B500E09095 /* FiltersTableViewController.swift in Sources */ = {isa = PBXBuildFile; fileRef = FABFF2C623C2D1B500E09095 /* FiltersTableViewController.swift */; };
		FAC778B11E3481A200944B6B /* GameDetailOverlayView.xib in Resources */ = {isa = PBXBuildFile; fileRef = FAC778B01E3481A200944B6B /* GameDetailOverlayView.xib */; };
		FAC778B51E3481E200944B6B /* GameDetailOverlayViewController.swift in Sources */ = {isa = PBXBuildFile; fileRef = FAC778B41E3481E200944B6B /* GameDetailOverlayViewController.swift */; };
		FACCA64E1EF82CD8005F1021 /* NotificationCenter.framework in Frameworks */ = {isa = PBXBuildFile; fileRef = FACCA64D1EF82CD8005F1021 /* NotificationCenter.framework */; };
		FACCA6511EF82CD8005F1021 /* TodayViewController.swift in Sources */ = {isa = PBXBuildFile; fileRef = FACCA6501EF82CD8005F1021 /* TodayViewController.swift */; };
		FACCA6541EF82CD8005F1021 /* MainInterface.storyboard in Resources */ = {isa = PBXBuildFile; fileRef = FACCA6521EF82CD8005F1021 /* MainInterface.storyboard */; };
		FACCA6581EF82CD8005F1021 /* BackloggerWidget.appex in Embed App Extensions */ = {isa = PBXBuildFile; fileRef = FACCA64C1EF82CD8005F1021 /* BackloggerWidget.appex */; settings = {ATTRIBUTES = (RemoveHeadersOnCopy, ); }; };
		FACCA65E1EF840AA005F1021 /* Playlist.swift in Sources */ = {isa = PBXBuildFile; fileRef = FA358A511EB9AC4C001EE03D /* Playlist.swift */; };
		FACCA65F1EF840B2005F1021 /* Game.swift in Sources */ = {isa = PBXBuildFile; fileRef = FADA80A11E5252DB0069943D /* Game.swift */; };
		FACCA6601EF840B8005F1021 /* Platform.swift in Sources */ = {isa = PBXBuildFile; fileRef = FA4B44901E5D3F5A006A843F /* Platform.swift */; };
		FACCA6611EF840BF005F1021 /* Field.swift in Sources */ = {isa = PBXBuildFile; fileRef = FA4B448A1E5D3DC2006A843F /* Field.swift */; };
		FACCA6621EF84379005F1021 /* SearchResults.swift in Sources */ = {isa = PBXBuildFile; fileRef = FA4B44881E5625E7006A843F /* SearchResults.swift */; };
		FACCA6631EF8437C005F1021 /* Company.swift in Sources */ = {isa = PBXBuildFile; fileRef = FA4B448C1E5D3F04006A843F /* Company.swift */; };
		FACCA6641EF8437F005F1021 /* Genre.swift in Sources */ = {isa = PBXBuildFile; fileRef = FA4B448E1E5D3F2D006A843F /* Genre.swift */; };
		FACCA6651EF84382005F1021 /* ImageList.swift in Sources */ = {isa = PBXBuildFile; fileRef = FA4B44921E5D405E006A843F /* ImageList.swift */; };
		FACCA6661EF84386005F1021 /* Publisher.swift in Sources */ = {isa = PBXBuildFile; fileRef = FA8E71CC1E80E61800E7400B /* Publisher.swift */; };
		FACCA6671EF8438A005F1021 /* Developer.swift in Sources */ = {isa = PBXBuildFile; fileRef = FA8E71CE1E80E66500E7400B /* Developer.swift */; };
		FACCA66B1EF8E837005F1021 /* Assets.xcassets in Resources */ = {isa = PBXBuildFile; fileRef = FACCA66A1EF8E837005F1021 /* Assets.xcassets */; };
		FACD42761F3262B500F6DA0C /* ProgressCell.xib in Resources */ = {isa = PBXBuildFile; fileRef = FACD42751F3262B500F6DA0C /* ProgressCell.xib */; };
		FACD42781F32641C00F6DA0C /* ProgressCell.swift in Sources */ = {isa = PBXBuildFile; fileRef = FACD42771F32641C00F6DA0C /* ProgressCell.swift */; };
		FADA808B1E4C07570069943D /* PanDirectionGestureRecognizer.swift in Sources */ = {isa = PBXBuildFile; fileRef = FADA808A1E4C07570069943D /* PanDirectionGestureRecognizer.swift */; };
		FADA808E1E4C0D680069943D /* NowPlayingGameViewCell.swift in Sources */ = {isa = PBXBuildFile; fileRef = FADA808D1E4C0D680069943D /* NowPlayingGameViewCell.swift */; };
		FADA80901E4C12A50069943D /* TopAlignedCollectionViewFlowLayout.swift in Sources */ = {isa = PBXBuildFile; fileRef = FADA808F1E4C12A50069943D /* TopAlignedCollectionViewFlowLayout.swift */; };
		FADA80981E4FA0EB0069943D /* GameTableViewController.swift in Sources */ = {isa = PBXBuildFile; fileRef = FADA80971E4FA0EB0069943D /* GameTableViewController.swift */; };
		FADA809C1E4FB2D20069943D /* TableViewCell.xib in Resources */ = {isa = PBXBuildFile; fileRef = FADA809B1E4FB2D20069943D /* TableViewCell.xib */; };
		FADA809F1E4FB66A0069943D /* TableViewCell.swift in Sources */ = {isa = PBXBuildFile; fileRef = FADA809E1E4FB66A0069943D /* TableViewCell.swift */; };
		FADA80A21E5252DB0069943D /* Game.swift in Sources */ = {isa = PBXBuildFile; fileRef = FADA80A11E5252DB0069943D /* Game.swift */; };
/* End PBXBuildFile section */

/* Begin PBXContainerItemProxy section */
		FACCA6561EF82CD8005F1021 /* PBXContainerItemProxy */ = {
			isa = PBXContainerItemProxy;
			containerPortal = FA0915611E2AA4210052BCEC /* Project object */;
			proxyType = 1;
			remoteGlobalIDString = FACCA64B1EF82CD8005F1021;
			remoteInfo = BackloggerWidget;
		};
/* End PBXContainerItemProxy section */

/* Begin PBXCopyFilesBuildPhase section */
		FACCA65C1EF82CD8005F1021 /* Embed App Extensions */ = {
			isa = PBXCopyFilesBuildPhase;
			buildActionMask = 2147483647;
			dstPath = "";
			dstSubfolderSpec = 13;
			files = (
				FACCA6581EF82CD8005F1021 /* BackloggerWidget.appex in Embed App Extensions */,
			);
			name = "Embed App Extensions";
			runOnlyForDeploymentPostprocessing = 0;
		};
/* End PBXCopyFilesBuildPhase section */

/* Begin PBXFileReference section */
		46B7EA5C8179482E14EC84BE /* Pods-BackloggerWidget.debug.xcconfig */ = {isa = PBXFileReference; includeInIndex = 1; lastKnownFileType = text.xcconfig; name = "Pods-BackloggerWidget.debug.xcconfig"; path = "Target Support Files/Pods-BackloggerWidget/Pods-BackloggerWidget.debug.xcconfig"; sourceTree = "<group>"; };
		71CC2D9AB3D47C390F0399A2 /* Pods-BackloggerWidget.release.xcconfig */ = {isa = PBXFileReference; includeInIndex = 1; lastKnownFileType = text.xcconfig; name = "Pods-BackloggerWidget.release.xcconfig"; path = "Target Support Files/Pods-BackloggerWidget/Pods-BackloggerWidget.release.xcconfig"; sourceTree = "<group>"; };
		C0900556C940BC43622E640A /* Pods-Backlogger.release.xcconfig */ = {isa = PBXFileReference; includeInIndex = 1; lastKnownFileType = text.xcconfig; name = "Pods-Backlogger.release.xcconfig"; path = "Target Support Files/Pods-Backlogger/Pods-Backlogger.release.xcconfig"; sourceTree = "<group>"; };
		C3F978E8CAEB86649F3B7627 /* Pods_Backlogger.framework */ = {isa = PBXFileReference; explicitFileType = wrapper.framework; includeInIndex = 0; path = Pods_Backlogger.framework; sourceTree = BUILT_PRODUCTS_DIR; };
		F9891D78015A4CFCBBF294CD /* Pods_BackloggerWidget.framework */ = {isa = PBXFileReference; explicitFileType = wrapper.framework; includeInIndex = 0; path = Pods_BackloggerWidget.framework; sourceTree = BUILT_PRODUCTS_DIR; };
		FA0915691E2AA4210052BCEC /* Backlogger.app */ = {isa = PBXFileReference; explicitFileType = wrapper.application; includeInIndex = 0; path = Backlogger.app; sourceTree = BUILT_PRODUCTS_DIR; };
		FA09156C1E2AA4210052BCEC /* AppDelegate.swift */ = {isa = PBXFileReference; lastKnownFileType = sourcecode.swift; path = AppDelegate.swift; sourceTree = "<group>"; };
		FA0915731E2AA4210052BCEC /* Base */ = {isa = PBXFileReference; lastKnownFileType = file.storyboard; name = Base; path = Base.lproj/Main.storyboard; sourceTree = "<group>"; };
		FA0915751E2AA4210052BCEC /* Assets.xcassets */ = {isa = PBXFileReference; lastKnownFileType = folder.assetcatalog; path = Assets.xcassets; sourceTree = "<group>"; };
		FA0915781E2AA4210052BCEC /* Base */ = {isa = PBXFileReference; lastKnownFileType = file.storyboard; name = Base; path = Base.lproj/LaunchScreen.storyboard; sourceTree = "<group>"; };
		FA09157A1E2AA4210052BCEC /* Info.plist */ = {isa = PBXFileReference; lastKnownFileType = text.plist.xml; path = Info.plist; sourceTree = "<group>"; };
		FA0915821E2AA9480052BCEC /* PlaylistViewController.swift */ = {isa = PBXFileReference; fileEncoding = 4; lastKnownFileType = sourcecode.swift; name = PlaylistViewController.swift; path = "View Controllers/PlaylistViewController.swift"; sourceTree = "<group>"; };
		FA0915851E2AA97B0052BCEC /* LibraryViewController.swift */ = {isa = PBXFileReference; fileEncoding = 4; lastKnownFileType = sourcecode.swift; name = LibraryViewController.swift; path = "View Controllers/LibraryViewController.swift"; sourceTree = "<group>"; };
		FA0915871E2AA98C0052BCEC /* MoreViewController.swift */ = {isa = PBXFileReference; fileEncoding = 4; lastKnownFileType = sourcecode.swift; name = MoreViewController.swift; path = "View Controllers/MoreViewController.swift"; sourceTree = "<group>"; };
		FA09158B1E2AA9AD0052BCEC /* NowPlayingViewController.swift */ = {isa = PBXFileReference; fileEncoding = 4; lastKnownFileType = sourcecode.swift; name = NowPlayingViewController.swift; path = "View Controllers/NowPlayingViewController.swift"; sourceTree = "<group>"; };
		FA09158D1E2AA9BE0052BCEC /* RootViewController.swift */ = {isa = PBXFileReference; fileEncoding = 4; lastKnownFileType = sourcecode.swift; name = RootViewController.swift; path = "View Controllers/RootViewController.swift"; sourceTree = "<group>"; };
		FA0915911E2AEF2C0052BCEC /* NowPlayingGameView.xib */ = {isa = PBXFileReference; fileEncoding = 4; lastKnownFileType = file.xib; name = NowPlayingGameView.xib; path = Views/NowPlayingGameView.xib; sourceTree = "<group>"; };
		FA0915961E2B367B0052BCEC /* NowPlayingGameViewController.swift */ = {isa = PBXFileReference; fileEncoding = 4; lastKnownFileType = sourcecode.swift; name = NowPlayingGameViewController.swift; path = "View Controllers/NowPlayingGameViewController.swift"; sourceTree = "<group>"; };
		FA0C488F1EAC532100F82C7D /* keys.plist */ = {isa = PBXFileReference; fileEncoding = 4; lastKnownFileType = text.plist.xml; path = keys.plist; sourceTree = "<group>"; };
		FA13576C232EED06008A5A3F /* Backlogger.xctestplan */ = {isa = PBXFileReference; lastKnownFileType = text; path = Backlogger.xctestplan; sourceTree = "<group>"; };
		FA135773232EEE31008A5A3F /* BackloggerTests.swift */ = {isa = PBXFileReference; lastKnownFileType = sourcecode.swift; path = BackloggerTests.swift; sourceTree = "<group>"; };
		FA135775232EEE31008A5A3F /* Info.plist */ = {isa = PBXFileReference; lastKnownFileType = text.plist.xml; path = Info.plist; sourceTree = "<group>"; };
		FA1854B71ECF22B30031087E /* Util.swift */ = {isa = PBXFileReference; fileEncoding = 4; lastKnownFileType = sourcecode.swift; path = Util.swift; sourceTree = "<group>"; };
		FA1FFF761EFDFBF50048D907 /* SteamLoginViewController.swift */ = {isa = PBXFileReference; fileEncoding = 4; lastKnownFileType = sourcecode.swift; name = SteamLoginViewController.swift; path = "View Controllers/SteamLoginViewController.swift"; sourceTree = "<group>"; };
		FA1FFF781EFEB61E0048D907 /* AddSteamGamesViewController.swift */ = {isa = PBXFileReference; fileEncoding = 4; lastKnownFileType = sourcecode.swift; name = AddSteamGamesViewController.swift; path = "View Controllers/AddSteamGamesViewController.swift"; sourceTree = "<group>"; };
		FA1FFF7A1F001F220048D907 /* AboutViewController.swift */ = {isa = PBXFileReference; fileEncoding = 4; lastKnownFileType = sourcecode.swift; name = AboutViewController.swift; path = "View Controllers/AboutViewController.swift"; sourceTree = "<group>"; };
		FA1FFF7C1F0152450048D907 /* CharacterCell.xib */ = {isa = PBXFileReference; fileEncoding = 4; lastKnownFileType = file.xib; name = CharacterCell.xib; path = Views/CharacterCell.xib; sourceTree = "<group>"; };
		FA1FFF7E1F0153690048D907 /* CharacterCell.swift */ = {isa = PBXFileReference; fileEncoding = 4; lastKnownFileType = sourcecode.swift; name = CharacterCell.swift; path = "Collection View/CharacterCell.swift"; sourceTree = "<group>"; };
		FA1FFF801F0153E40048D907 /* GameCharacter.swift */ = {isa = PBXFileReference; fileEncoding = 4; lastKnownFileType = sourcecode.swift; name = GameCharacter.swift; path = Model/GameCharacter.swift; sourceTree = "<group>"; };
		FA358A511EB9AC4C001EE03D /* Playlist.swift */ = {isa = PBXFileReference; fileEncoding = 4; lastKnownFileType = sourcecode.swift; name = Playlist.swift; path = Model/Playlist.swift; sourceTree = "<group>"; };
		FA358A531EBADF23001EE03D /* PlaylistTableCell.xib */ = {isa = PBXFileReference; fileEncoding = 4; lastKnownFileType = file.xib; name = PlaylistTableCell.xib; path = Views/PlaylistTableCell.xib; sourceTree = "<group>"; };
		FA358A551EBADF5E001EE03D /* PlaylistTableCell.swift */ = {isa = PBXFileReference; fileEncoding = 4; lastKnownFileType = sourcecode.swift; name = PlaylistTableCell.swift; path = "Table View/PlaylistTableCell.swift"; sourceTree = "<group>"; };
		FA358A591EBC22F6001EE03D /* PlaylistTitleCell.xib */ = {isa = PBXFileReference; fileEncoding = 4; lastKnownFileType = file.xib; name = PlaylistTitleCell.xib; path = Views/PlaylistTitleCell.xib; sourceTree = "<group>"; };
		FA358A5B1EBC2BD2001EE03D /* PlaylistTitleCell.swift */ = {isa = PBXFileReference; fileEncoding = 4; lastKnownFileType = sourcecode.swift; name = PlaylistTitleCell.swift; path = "Table View/PlaylistTitleCell.swift"; sourceTree = "<group>"; };
		FA358A5F1EBF7484001EE03D /* PlaylistDescriptionCell.xib */ = {isa = PBXFileReference; fileEncoding = 4; lastKnownFileType = file.xib; name = PlaylistDescriptionCell.xib; path = Views/PlaylistDescriptionCell.xib; sourceTree = "<group>"; };
		FA358A611EBF865B001EE03D /* PlaylistDescriptionCell.swift */ = {isa = PBXFileReference; fileEncoding = 4; lastKnownFileType = sourcecode.swift; name = PlaylistDescriptionCell.swift; path = "Table View/PlaylistDescriptionCell.swift"; sourceTree = "<group>"; };
		FA358A631EBFC001001EE03D /* PlaylistAddTableCell.xib */ = {isa = PBXFileReference; fileEncoding = 4; lastKnownFileType = file.xib; name = PlaylistAddTableCell.xib; path = Views/PlaylistAddTableCell.xib; sourceTree = "<group>"; };
		FA358A651EBFC015001EE03D /* PlaylistAddTableCell.swift */ = {isa = PBXFileReference; fileEncoding = 4; lastKnownFileType = sourcecode.swift; name = PlaylistAddTableCell.swift; path = "Table View/PlaylistAddTableCell.swift"; sourceTree = "<group>"; };
		FA358A671EC27768001EE03D /* ConsoleSelectionTableViewController.swift */ = {isa = PBXFileReference; fileEncoding = 4; lastKnownFileType = sourcecode.swift; name = ConsoleSelectionTableViewController.swift; path = "View Controllers/ConsoleSelectionTableViewController.swift"; sourceTree = "<group>"; };
		FA358A691EC2777E001EE03D /* PlaylistDetailsViewController.swift */ = {isa = PBXFileReference; fileEncoding = 4; lastKnownFileType = sourcecode.swift; name = PlaylistDetailsViewController.swift; path = "View Controllers/PlaylistDetailsViewController.swift"; sourceTree = "<group>"; };
		FA4B44861E556AD3006A843F /* LibraryAddSearchViewController.swift */ = {isa = PBXFileReference; fileEncoding = 4; lastKnownFileType = sourcecode.swift; name = LibraryAddSearchViewController.swift; path = "View Controllers/LibraryAddSearchViewController.swift"; sourceTree = "<group>"; };
		FA4B44881E5625E7006A843F /* SearchResults.swift */ = {isa = PBXFileReference; fileEncoding = 4; lastKnownFileType = sourcecode.swift; name = SearchResults.swift; path = Model/SearchResults.swift; sourceTree = "<group>"; };
		FA4B448A1E5D3DC2006A843F /* Field.swift */ = {isa = PBXFileReference; fileEncoding = 4; lastKnownFileType = sourcecode.swift; name = Field.swift; path = Model/Field.swift; sourceTree = "<group>"; };
		FA4B448C1E5D3F04006A843F /* Company.swift */ = {isa = PBXFileReference; fileEncoding = 4; lastKnownFileType = sourcecode.swift; name = Company.swift; path = Model/Company.swift; sourceTree = "<group>"; };
		FA4B448E1E5D3F2D006A843F /* Genre.swift */ = {isa = PBXFileReference; fileEncoding = 4; lastKnownFileType = sourcecode.swift; name = Genre.swift; path = Model/Genre.swift; sourceTree = "<group>"; };
		FA4B44901E5D3F5A006A843F /* Platform.swift */ = {isa = PBXFileReference; fileEncoding = 4; lastKnownFileType = sourcecode.swift; name = Platform.swift; path = Model/Platform.swift; sourceTree = "<group>"; };
		FA4B44921E5D405E006A843F /* ImageList.swift */ = {isa = PBXFileReference; fileEncoding = 4; lastKnownFileType = sourcecode.swift; name = ImageList.swift; path = Model/ImageList.swift; sourceTree = "<group>"; };
		FA4B44961E5E9743006A843F /* ImageCell.xib */ = {isa = PBXFileReference; fileEncoding = 4; lastKnownFileType = file.xib; name = ImageCell.xib; path = Views/ImageCell.xib; sourceTree = "<group>"; };
		FA4B44981E5E97C5006A843F /* ImageCell.swift */ = {isa = PBXFileReference; fileEncoding = 4; lastKnownFileType = sourcecode.swift; name = ImageCell.swift; path = Views/ImageCell.swift; sourceTree = "<group>"; };
		FA4B449C1E6124CC006A843F /* GameDetailsViewController.swift */ = {isa = PBXFileReference; fileEncoding = 4; lastKnownFileType = sourcecode.swift; name = GameDetailsViewController.swift; path = "View Controllers/GameDetailsViewController.swift"; sourceTree = "<group>"; };
		FA4B449E1E61DF94006A843F /* ImageViewer.xib */ = {isa = PBXFileReference; fileEncoding = 4; lastKnownFileType = file.xib; name = ImageViewer.xib; path = Views/ImageViewer.xib; sourceTree = "<group>"; };
		FA4B44A01E61E3FC006A843F /* ImageViewerController.swift */ = {isa = PBXFileReference; fileEncoding = 4; lastKnownFileType = sourcecode.swift; name = ImageViewerController.swift; path = "View Controllers/ImageViewerController.swift"; sourceTree = "<group>"; };
		FA4B44A21E6262FB006A843F /* ToastOverlayView.xib */ = {isa = PBXFileReference; fileEncoding = 4; lastKnownFileType = file.xib; name = ToastOverlayView.xib; path = Views/ToastOverlayView.xib; sourceTree = "<group>"; };
		FA544F701F5C675500379505 /* WishlistViewController.swift */ = {isa = PBXFileReference; fileEncoding = 4; lastKnownFileType = sourcecode.swift; name = WishlistViewController.swift; path = "View Controllers/WishlistViewController.swift"; sourceTree = "<group>"; };
		FA545BE11F0E740800D2F185 /* PercentViewController.swift */ = {isa = PBXFileReference; fileEncoding = 4; lastKnownFileType = sourcecode.swift; name = PercentViewController.swift; path = Views/PercentViewController.swift; sourceTree = "<group>"; };
		FA5C623C1E760413008558BF /* ToastOverlayViewController.swift */ = {isa = PBXFileReference; fileEncoding = 4; lastKnownFileType = sourcecode.swift; name = ToastOverlayViewController.swift; path = "View Controllers/ToastOverlayViewController.swift"; sourceTree = "<group>"; };
		FA68A8CE1EC4C2A500C9CE2E /* AddToPlaylistViewController.swift */ = {isa = PBXFileReference; fileEncoding = 4; lastKnownFileType = sourcecode.swift; name = AddToPlaylistViewController.swift; path = "View Controllers/AddToPlaylistViewController.swift"; sourceTree = "<group>"; };
		FA68A8EE1ECBB06900C9CE2E /* PlaylistFooter.xib */ = {isa = PBXFileReference; fileEncoding = 4; lastKnownFileType = file.xib; name = PlaylistFooter.xib; path = Views/PlaylistFooter.xib; sourceTree = "<group>"; };
		FA68A8F01ECBB18400C9CE2E /* PlaylistFooter.swift */ = {isa = PBXFileReference; fileEncoding = 4; lastKnownFileType = sourcecode.swift; name = PlaylistFooter.swift; path = "Table View/PlaylistFooter.swift"; sourceTree = "<group>"; };
		FA8E71CC1E80E61800E7400B /* Publisher.swift */ = {isa = PBXFileReference; fileEncoding = 4; lastKnownFileType = sourcecode.swift; name = Publisher.swift; path = Model/Publisher.swift; sourceTree = "<group>"; };
		FA8E71CE1E80E66500E7400B /* Developer.swift */ = {isa = PBXFileReference; fileEncoding = 4; lastKnownFileType = sourcecode.swift; name = Developer.swift; path = Model/Developer.swift; sourceTree = "<group>"; };
		FA98BABF23BDB10500807E18 /* GoogleService-Info.plist */ = {isa = PBXFileReference; lastKnownFileType = text.plist.xml; path = "GoogleService-Info.plist"; sourceTree = "<group>"; };
		FA9CFA351EFCB1B7003E93B8 /* Steam.swift */ = {isa = PBXFileReference; fileEncoding = 4; lastKnownFileType = sourcecode.swift; name = Steam.swift; path = Model/Steam.swift; sourceTree = "<group>"; };
		FAAF9D2123B5CE24009E6CAF /* CloudKit.framework */ = {isa = PBXFileReference; lastKnownFileType = wrapper.framework; name = CloudKit.framework; path = System/Library/Frameworks/CloudKit.framework; sourceTree = SDKROOT; };
		FABFF2C023BE973600E09095 /* RandomGameBackgroundViewController.swift */ = {isa = PBXFileReference; lastKnownFileType = sourcecode.swift; name = RandomGameBackgroundViewController.swift; path = "View Controllers/RandomGameBackgroundViewController.swift"; sourceTree = "<group>"; };
		FABFF2C223BEB44400E09095 /* RandomGameViewController.swift */ = {isa = PBXFileReference; lastKnownFileType = sourcecode.swift; name = RandomGameViewController.swift; path = "View Controllers/RandomGameViewController.swift"; sourceTree = "<group>"; };
		FABFF2C623C2D1B500E09095 /* FiltersTableViewController.swift */ = {isa = PBXFileReference; lastKnownFileType = sourcecode.swift; name = FiltersTableViewController.swift; path = "View Controllers/FiltersTableViewController.swift"; sourceTree = "<group>"; };
		FAC778B01E3481A200944B6B /* GameDetailOverlayView.xib */ = {isa = PBXFileReference; fileEncoding = 4; lastKnownFileType = file.xib; name = GameDetailOverlayView.xib; path = Views/GameDetailOverlayView.xib; sourceTree = "<group>"; };
		FAC778B41E3481E200944B6B /* GameDetailOverlayViewController.swift */ = {isa = PBXFileReference; fileEncoding = 4; lastKnownFileType = sourcecode.swift; name = GameDetailOverlayViewController.swift; path = "View Controllers/GameDetailOverlayViewController.swift"; sourceTree = "<group>"; };
		FACCA64C1EF82CD8005F1021 /* BackloggerWidget.appex */ = {isa = PBXFileReference; explicitFileType = "wrapper.app-extension"; includeInIndex = 0; path = BackloggerWidget.appex; sourceTree = BUILT_PRODUCTS_DIR; };
		FACCA64D1EF82CD8005F1021 /* NotificationCenter.framework */ = {isa = PBXFileReference; lastKnownFileType = wrapper.framework; name = NotificationCenter.framework; path = System/Library/Frameworks/NotificationCenter.framework; sourceTree = SDKROOT; };
		FACCA6501EF82CD8005F1021 /* TodayViewController.swift */ = {isa = PBXFileReference; lastKnownFileType = sourcecode.swift; path = TodayViewController.swift; sourceTree = "<group>"; };
		FACCA6531EF82CD8005F1021 /* Base */ = {isa = PBXFileReference; lastKnownFileType = file.storyboard; name = Base; path = Base.lproj/MainInterface.storyboard; sourceTree = "<group>"; };
		FACCA6551EF82CD8005F1021 /* Info.plist */ = {isa = PBXFileReference; lastKnownFileType = text.plist.xml; path = Info.plist; sourceTree = "<group>"; };
		FACCA65D1EF8303B005F1021 /* Backlogger.entitlements */ = {isa = PBXFileReference; lastKnownFileType = text.plist.entitlements; path = Backlogger.entitlements; sourceTree = "<group>"; };
		FACCA6681EF8BAD7005F1021 /* BackloggerWidget.entitlements */ = {isa = PBXFileReference; lastKnownFileType = text.plist.entitlements; path = BackloggerWidget.entitlements; sourceTree = "<group>"; };
		FACCA66A1EF8E837005F1021 /* Assets.xcassets */ = {isa = PBXFileReference; lastKnownFileType = folder.assetcatalog; path = Assets.xcassets; sourceTree = "<group>"; };
		FACD42751F3262B500F6DA0C /* ProgressCell.xib */ = {isa = PBXFileReference; fileEncoding = 4; lastKnownFileType = file.xib; name = ProgressCell.xib; path = Views/ProgressCell.xib; sourceTree = "<group>"; };
		FACD42771F32641C00F6DA0C /* ProgressCell.swift */ = {isa = PBXFileReference; fileEncoding = 4; lastKnownFileType = sourcecode.swift; name = ProgressCell.swift; path = "Collection View/ProgressCell.swift"; sourceTree = "<group>"; };
		FADA808A1E4C07570069943D /* PanDirectionGestureRecognizer.swift */ = {isa = PBXFileReference; fileEncoding = 4; lastKnownFileType = sourcecode.swift; name = PanDirectionGestureRecognizer.swift; path = "Gesture Recognizers/PanDirectionGestureRecognizer.swift"; sourceTree = "<group>"; };
		FADA808D1E4C0D680069943D /* NowPlayingGameViewCell.swift */ = {isa = PBXFileReference; fileEncoding = 4; lastKnownFileType = sourcecode.swift; name = NowPlayingGameViewCell.swift; path = "Collection View/NowPlayingGameViewCell.swift"; sourceTree = "<group>"; };
		FADA808F1E4C12A50069943D /* TopAlignedCollectionViewFlowLayout.swift */ = {isa = PBXFileReference; fileEncoding = 4; lastKnownFileType = sourcecode.swift; name = TopAlignedCollectionViewFlowLayout.swift; path = "Collection View/TopAlignedCollectionViewFlowLayout.swift"; sourceTree = "<group>"; };
		FADA80971E4FA0EB0069943D /* GameTableViewController.swift */ = {isa = PBXFileReference; fileEncoding = 4; lastKnownFileType = sourcecode.swift; name = GameTableViewController.swift; path = "View Controllers/GameTableViewController.swift"; sourceTree = "<group>"; };
		FADA809B1E4FB2D20069943D /* TableViewCell.xib */ = {isa = PBXFileReference; fileEncoding = 4; lastKnownFileType = file.xib; name = TableViewCell.xib; path = Views/TableViewCell.xib; sourceTree = "<group>"; };
		FADA809E1E4FB66A0069943D /* TableViewCell.swift */ = {isa = PBXFileReference; fileEncoding = 4; lastKnownFileType = sourcecode.swift; name = TableViewCell.swift; path = "Table View/TableViewCell.swift"; sourceTree = "<group>"; };
		FADA80A11E5252DB0069943D /* Game.swift */ = {isa = PBXFileReference; fileEncoding = 4; lastKnownFileType = sourcecode.swift; name = Game.swift; path = Model/Game.swift; sourceTree = "<group>"; };
		FCA9F7721B70E29F61F851FA /* Pods-Backlogger.debug.xcconfig */ = {isa = PBXFileReference; includeInIndex = 1; lastKnownFileType = text.xcconfig; name = "Pods-Backlogger.debug.xcconfig"; path = "Target Support Files/Pods-Backlogger/Pods-Backlogger.debug.xcconfig"; sourceTree = "<group>"; };
/* End PBXFileReference section */

/* Begin PBXFrameworksBuildPhase section */
		FA0915661E2AA4210052BCEC /* Frameworks */ = {
			isa = PBXFrameworksBuildPhase;
			buildActionMask = 2147483647;
			files = (
				476F255309A2D4E82704D9C2 /* Pods_Backlogger.framework in Frameworks */,
				FAAF9D2223B5CE24009E6CAF /* CloudKit.framework in Frameworks */,
			);
			runOnlyForDeploymentPostprocessing = 0;
		};
		FACCA6491EF82CD8005F1021 /* Frameworks */ = {
			isa = PBXFrameworksBuildPhase;
			buildActionMask = 2147483647;
			files = (
				FACCA64E1EF82CD8005F1021 /* NotificationCenter.framework in Frameworks */,
				64C8AA31992BA148660D0F1E /* Pods_BackloggerWidget.framework in Frameworks */,
			);
			runOnlyForDeploymentPostprocessing = 0;
		};
/* End PBXFrameworksBuildPhase section */

/* Begin PBXGroup section */
		ACA58DBE1EF45F71C192800C /* Pods */ = {
			isa = PBXGroup;
			children = (
				FCA9F7721B70E29F61F851FA /* Pods-Backlogger.debug.xcconfig */,
				C0900556C940BC43622E640A /* Pods-Backlogger.release.xcconfig */,
				46B7EA5C8179482E14EC84BE /* Pods-BackloggerWidget.debug.xcconfig */,
				71CC2D9AB3D47C390F0399A2 /* Pods-BackloggerWidget.release.xcconfig */,
			);
			path = Pods;
			sourceTree = "<group>";
		};
		D89C49BAE2CAA1BC26041695 /* Frameworks */ = {
			isa = PBXGroup;
			children = (
				FAAF9D2123B5CE24009E6CAF /* CloudKit.framework */,
				FACCA64D1EF82CD8005F1021 /* NotificationCenter.framework */,
				C3F978E8CAEB86649F3B7627 /* Pods_Backlogger.framework */,
				F9891D78015A4CFCBBF294CD /* Pods_BackloggerWidget.framework */,
			);
			name = Frameworks;
			sourceTree = "<group>";
		};
		FA0915601E2AA4210052BCEC = {
			isa = PBXGroup;
			children = (
				FA98BABF23BDB10500807E18 /* GoogleService-Info.plist */,
				FA13576C232EED06008A5A3F /* Backlogger.xctestplan */,
				FA09156B1E2AA4210052BCEC /* Backlogger */,
				FACCA64F1EF82CD8005F1021 /* BackloggerWidget */,
				FA135772232EEE31008A5A3F /* BackloggerTests */,
				FA09156A1E2AA4210052BCEC /* Products */,
				D89C49BAE2CAA1BC26041695 /* Frameworks */,
				ACA58DBE1EF45F71C192800C /* Pods */,
			);
			sourceTree = "<group>";
		};
		FA09156A1E2AA4210052BCEC /* Products */ = {
			isa = PBXGroup;
			children = (
				FA0915691E2AA4210052BCEC /* Backlogger.app */,
				FACCA64C1EF82CD8005F1021 /* BackloggerWidget.appex */,
			);
			name = Products;
			sourceTree = "<group>";
		};
		FA09156B1E2AA4210052BCEC /* Backlogger */ = {
			isa = PBXGroup;
			children = (
				FACCA65D1EF8303B005F1021 /* Backlogger.entitlements */,
				FADA80A01E5252C20069943D /* Model */,
				FADA809D1E4FB64E0069943D /* Table View */,
				FADA808C1E4C0D440069943D /* Collection View */,
				FADA80891E4C072E0069943D /* Gesture Recognizers */,
				FA0915931E2AEF400052BCEC /* Views */,
				FA0915841E2AA9520052BCEC /* View Controllers */,
				FA09156C1E2AA4210052BCEC /* AppDelegate.swift */,
				FA1854B71ECF22B30031087E /* Util.swift */,
				FA0915721E2AA4210052BCEC /* Main.storyboard */,
				FA0915751E2AA4210052BCEC /* Assets.xcassets */,
				FA0915771E2AA4210052BCEC /* LaunchScreen.storyboard */,
				FA09157A1E2AA4210052BCEC /* Info.plist */,
				FA0C488F1EAC532100F82C7D /* keys.plist */,
			);
			path = Backlogger;
			sourceTree = "<group>";
		};
		FA0915841E2AA9520052BCEC /* View Controllers */ = {
			isa = PBXGroup;
			children = (
				FA545BE11F0E740800D2F185 /* PercentViewController.swift */,
				FA358A691EC2777E001EE03D /* PlaylistDetailsViewController.swift */,
				FA358A671EC27768001EE03D /* ConsoleSelectionTableViewController.swift */,
				FA09158B1E2AA9AD0052BCEC /* NowPlayingViewController.swift */,
				FA0915821E2AA9480052BCEC /* PlaylistViewController.swift */,
				FA0915851E2AA97B0052BCEC /* LibraryViewController.swift */,
				FA0915871E2AA98C0052BCEC /* MoreViewController.swift */,
				FA09158D1E2AA9BE0052BCEC /* RootViewController.swift */,
				FA0915961E2B367B0052BCEC /* NowPlayingGameViewController.swift */,
				FAC778B41E3481E200944B6B /* GameDetailOverlayViewController.swift */,
				FADA80971E4FA0EB0069943D /* GameTableViewController.swift */,
				FA4B44861E556AD3006A843F /* LibraryAddSearchViewController.swift */,
				FA4B449C1E6124CC006A843F /* GameDetailsViewController.swift */,
				FA4B44A01E61E3FC006A843F /* ImageViewerController.swift */,
				FA5C623C1E760413008558BF /* ToastOverlayViewController.swift */,
				FA68A8CE1EC4C2A500C9CE2E /* AddToPlaylistViewController.swift */,
				FA1FFF761EFDFBF50048D907 /* SteamLoginViewController.swift */,
				FA1FFF781EFEB61E0048D907 /* AddSteamGamesViewController.swift */,
				FA1FFF7A1F001F220048D907 /* AboutViewController.swift */,
				FA544F701F5C675500379505 /* WishlistViewController.swift */,
				FABFF2C023BE973600E09095 /* RandomGameBackgroundViewController.swift */,
				FABFF2C223BEB44400E09095 /* RandomGameViewController.swift */,
				FABFF2C623C2D1B500E09095 /* FiltersTableViewController.swift */,
			);
			name = "View Controllers";
			sourceTree = "<group>";
		};
		FA0915931E2AEF400052BCEC /* Views */ = {
			isa = PBXGroup;
			children = (
				FA0915911E2AEF2C0052BCEC /* NowPlayingGameView.xib */,
				FA68A8EE1ECBB06900C9CE2E /* PlaylistFooter.xib */,
				FAC778B01E3481A200944B6B /* GameDetailOverlayView.xib */,
				FADA809B1E4FB2D20069943D /* TableViewCell.xib */,
				FA4B44961E5E9743006A843F /* ImageCell.xib */,
				FA4B449E1E61DF94006A843F /* ImageViewer.xib */,
				FA4B44A21E6262FB006A843F /* ToastOverlayView.xib */,
				FA358A531EBADF23001EE03D /* PlaylistTableCell.xib */,
				FA358A591EBC22F6001EE03D /* PlaylistTitleCell.xib */,
				FA358A5F1EBF7484001EE03D /* PlaylistDescriptionCell.xib */,
				FA358A631EBFC001001EE03D /* PlaylistAddTableCell.xib */,
				FA1FFF7C1F0152450048D907 /* CharacterCell.xib */,
				FACD42751F3262B500F6DA0C /* ProgressCell.xib */,
			);
			name = Views;
			sourceTree = "<group>";
		};
		FA135772232EEE31008A5A3F /* BackloggerTests */ = {
			isa = PBXGroup;
			children = (
				FA135773232EEE31008A5A3F /* BackloggerTests.swift */,
				FA135775232EEE31008A5A3F /* Info.plist */,
			);
			path = BackloggerTests;
			sourceTree = "<group>";
		};
		FACCA64F1EF82CD8005F1021 /* BackloggerWidget */ = {
			isa = PBXGroup;
			children = (
				FACCA6681EF8BAD7005F1021 /* BackloggerWidget.entitlements */,
				FACCA6501EF82CD8005F1021 /* TodayViewController.swift */,
				FACCA6521EF82CD8005F1021 /* MainInterface.storyboard */,
				FACCA6551EF82CD8005F1021 /* Info.plist */,
				FACCA66A1EF8E837005F1021 /* Assets.xcassets */,
			);
			path = BackloggerWidget;
			sourceTree = "<group>";
		};
		FADA80891E4C072E0069943D /* Gesture Recognizers */ = {
			isa = PBXGroup;
			children = (
				FADA808A1E4C07570069943D /* PanDirectionGestureRecognizer.swift */,
			);
			name = "Gesture Recognizers";
			sourceTree = "<group>";
		};
		FADA808C1E4C0D440069943D /* Collection View */ = {
			isa = PBXGroup;
			children = (
				FADA808D1E4C0D680069943D /* NowPlayingGameViewCell.swift */,
				FADA808F1E4C12A50069943D /* TopAlignedCollectionViewFlowLayout.swift */,
				FA4B44981E5E97C5006A843F /* ImageCell.swift */,
				FA1FFF7E1F0153690048D907 /* CharacterCell.swift */,
				FACD42771F32641C00F6DA0C /* ProgressCell.swift */,
			);
			name = "Collection View";
			sourceTree = "<group>";
		};
		FADA809D1E4FB64E0069943D /* Table View */ = {
			isa = PBXGroup;
			children = (
				FA358A611EBF865B001EE03D /* PlaylistDescriptionCell.swift */,
				FADA809E1E4FB66A0069943D /* TableViewCell.swift */,
				FA358A551EBADF5E001EE03D /* PlaylistTableCell.swift */,
				FA358A5B1EBC2BD2001EE03D /* PlaylistTitleCell.swift */,
				FA358A651EBFC015001EE03D /* PlaylistAddTableCell.swift */,
				FA68A8F01ECBB18400C9CE2E /* PlaylistFooter.swift */,
			);
			name = "Table View";
			sourceTree = "<group>";
		};
		FADA80A01E5252C20069943D /* Model */ = {
			isa = PBXGroup;
			children = (
				FADA80A11E5252DB0069943D /* Game.swift */,
				FA4B448A1E5D3DC2006A843F /* Field.swift */,
				FA4B44881E5625E7006A843F /* SearchResults.swift */,
				FA4B448C1E5D3F04006A843F /* Company.swift */,
				FA4B448E1E5D3F2D006A843F /* Genre.swift */,
				FA4B44901E5D3F5A006A843F /* Platform.swift */,
				FA4B44921E5D405E006A843F /* ImageList.swift */,
				FA8E71CC1E80E61800E7400B /* Publisher.swift */,
				FA8E71CE1E80E66500E7400B /* Developer.swift */,
				FA358A511EB9AC4C001EE03D /* Playlist.swift */,
				FA9CFA351EFCB1B7003E93B8 /* Steam.swift */,
				FA1FFF801F0153E40048D907 /* GameCharacter.swift */,
			);
			name = Model;
			sourceTree = "<group>";
		};
/* End PBXGroup section */

/* Begin PBXNativeTarget section */
		FA0915681E2AA4210052BCEC /* Backlogger */ = {
			isa = PBXNativeTarget;
			buildConfigurationList = FA09157D1E2AA4210052BCEC /* Build configuration list for PBXNativeTarget "Backlogger" */;
			buildPhases = (
				D9919BC348EDA942AFC05AFC /* [CP] Check Pods Manifest.lock */,
				FA0915651E2AA4210052BCEC /* Sources */,
				FA0915661E2AA4210052BCEC /* Frameworks */,
				FA0915671E2AA4210052BCEC /* Resources */,
				FACCA65C1EF82CD8005F1021 /* Embed App Extensions */,
				FA545BE01F06EE6C00D2F185 /* ShellScript */,
				49EE7DB81FDC6FF92422FE0E /* [CP] Embed Pods Frameworks */,
			);
			buildRules = (
			);
			dependencies = (
				FACCA6571EF82CD8005F1021 /* PBXTargetDependency */,
			);
			name = Backlogger;
			productName = Backlogger;
			productReference = FA0915691E2AA4210052BCEC /* Backlogger.app */;
			productType = "com.apple.product-type.application";
		};
		FACCA64B1EF82CD8005F1021 /* BackloggerWidget */ = {
			isa = PBXNativeTarget;
			buildConfigurationList = FACCA65B1EF82CD8005F1021 /* Build configuration list for PBXNativeTarget "BackloggerWidget" */;
			buildPhases = (
				C1331A8E1B3D322AF4ED6FC8 /* [CP] Check Pods Manifest.lock */,
				FACCA6481EF82CD8005F1021 /* Sources */,
				FACCA6491EF82CD8005F1021 /* Frameworks */,
				FACCA64A1EF82CD8005F1021 /* Resources */,
			);
			buildRules = (
			);
			dependencies = (
			);
			name = BackloggerWidget;
			productName = BackloggerWidget;
			productReference = FACCA64C1EF82CD8005F1021 /* BackloggerWidget.appex */;
			productType = "com.apple.product-type.app-extension";
		};
/* End PBXNativeTarget section */

/* Begin PBXProject section */
		FA0915611E2AA4210052BCEC /* Project object */ = {
			isa = PBXProject;
			attributes = {
				LastSwiftUpdateCheck = 1100;
				LastUpgradeCheck = 1000;
				ORGANIZATIONNAME = "Alex Busman";
				TargetAttributes = {
					FA0915681E2AA4210052BCEC = {
						CreatedOnToolsVersion = 8.2.1;
						DevelopmentTeam = D9J98STRHA;
						LastSwiftMigration = 1100;
						ProvisioningStyle = Automatic;
						SystemCapabilities = {
							com.apple.ApplicationGroups.iOS = {
								enabled = 1;
							};
							com.apple.iCloud = {
								enabled = 1;
							};
						};
					};
					FACCA64B1EF82CD8005F1021 = {
						CreatedOnToolsVersion = 8.3.3;
						DevelopmentTeam = D9J98STRHA;
						LastSwiftMigration = 1100;
						ProvisioningStyle = Automatic;
						SystemCapabilities = {
							com.apple.ApplicationGroups.iOS = {
								enabled = 1;
							};
						};
					};
				};
			};
			buildConfigurationList = FA0915641E2AA4210052BCEC /* Build configuration list for PBXProject "Backlogger" */;
			compatibilityVersion = "Xcode 3.2";
			developmentRegion = en;
			hasScannedForEncodings = 0;
			knownRegions = (
				en,
				Base,
			);
			mainGroup = FA0915601E2AA4210052BCEC;
			productRefGroup = FA09156A1E2AA4210052BCEC /* Products */;
			projectDirPath = "";
			projectRoot = "";
			targets = (
				FA0915681E2AA4210052BCEC /* Backlogger */,
				FACCA64B1EF82CD8005F1021 /* BackloggerWidget */,
			);
		};
/* End PBXProject section */

/* Begin PBXResourcesBuildPhase section */
		FA0915671E2AA4210052BCEC /* Resources */ = {
			isa = PBXResourcesBuildPhase;
			buildActionMask = 2147483647;
			files = (
				FA0C48901EAC532100F82C7D /* keys.plist in Resources */,
				FAC778B11E3481A200944B6B /* GameDetailOverlayView.xib in Resources */,
				FA4B44971E5E9743006A843F /* ImageCell.xib in Resources */,
				FA0915921E2AEF2C0052BCEC /* NowPlayingGameView.xib in Resources */,
				FA358A601EBF7484001EE03D /* PlaylistDescriptionCell.xib in Resources */,
				FADA809C1E4FB2D20069943D /* TableViewCell.xib in Resources */,
				FA0915791E2AA4210052BCEC /* LaunchScreen.storyboard in Resources */,
				FA358A5A1EBC22F6001EE03D /* PlaylistTitleCell.xib in Resources */,
				FACD42761F3262B500F6DA0C /* ProgressCell.xib in Resources */,
				FA68A8EF1ECBB06900C9CE2E /* PlaylistFooter.xib in Resources */,
				FA358A541EBADF23001EE03D /* PlaylistTableCell.xib in Resources */,
				FA98BAC023BDB11300807E18 /* GoogleService-Info.plist in Resources */,
				FA358A641EBFC001001EE03D /* PlaylistAddTableCell.xib in Resources */,
				FA4B449F1E61DF94006A843F /* ImageViewer.xib in Resources */,
				FA0915761E2AA4210052BCEC /* Assets.xcassets in Resources */,
				FA4B44A31E6262FB006A843F /* ToastOverlayView.xib in Resources */,
				FA0915741E2AA4210052BCEC /* Main.storyboard in Resources */,
				FA1FFF7D1F0152450048D907 /* CharacterCell.xib in Resources */,
			);
			runOnlyForDeploymentPostprocessing = 0;
		};
		FACCA64A1EF82CD8005F1021 /* Resources */ = {
			isa = PBXResourcesBuildPhase;
			buildActionMask = 2147483647;
			files = (
				FACCA66B1EF8E837005F1021 /* Assets.xcassets in Resources */,
				FACCA6541EF82CD8005F1021 /* MainInterface.storyboard in Resources */,
				FA98BAC123BDB11400807E18 /* GoogleService-Info.plist in Resources */,
			);
			runOnlyForDeploymentPostprocessing = 0;
		};
/* End PBXResourcesBuildPhase section */

/* Begin PBXShellScriptBuildPhase section */
		49EE7DB81FDC6FF92422FE0E /* [CP] Embed Pods Frameworks */ = {
			isa = PBXShellScriptBuildPhase;
			buildActionMask = 2147483647;
			files = (
			);
			inputPaths = (
				"${PODS_ROOT}/Target Support Files/Pods-Backlogger/Pods-Backlogger-frameworks.sh",
				"${BUILT_PRODUCTS_DIR}/Alamofire/Alamofire.framework",
				"${BUILT_PRODUCTS_DIR}/GoogleUtilities/GoogleUtilities.framework",
				"${BUILT_PRODUCTS_DIR}/ImageViewer/ImageViewer.framework",
				"${BUILT_PRODUCTS_DIR}/Kingfisher/Kingfisher.framework",
				"${BUILT_PRODUCTS_DIR}/MMWormhole/MMWormhole.framework",
				"${BUILT_PRODUCTS_DIR}/Realm/Realm.framework",
				"${BUILT_PRODUCTS_DIR}/RealmSwift/RealmSwift.framework",
				"${BUILT_PRODUCTS_DIR}/Zephyr/Zephyr.framework",
				"${BUILT_PRODUCTS_DIR}/Zip/Zip.framework",
				"${BUILT_PRODUCTS_DIR}/nanopb/nanopb.framework",
			);
			name = "[CP] Embed Pods Frameworks";
			outputPaths = (
				"${TARGET_BUILD_DIR}/${FRAMEWORKS_FOLDER_PATH}/Alamofire.framework",
				"${TARGET_BUILD_DIR}/${FRAMEWORKS_FOLDER_PATH}/GoogleUtilities.framework",
				"${TARGET_BUILD_DIR}/${FRAMEWORKS_FOLDER_PATH}/ImageViewer.framework",
				"${TARGET_BUILD_DIR}/${FRAMEWORKS_FOLDER_PATH}/Kingfisher.framework",
				"${TARGET_BUILD_DIR}/${FRAMEWORKS_FOLDER_PATH}/MMWormhole.framework",
				"${TARGET_BUILD_DIR}/${FRAMEWORKS_FOLDER_PATH}/Realm.framework",
				"${TARGET_BUILD_DIR}/${FRAMEWORKS_FOLDER_PATH}/RealmSwift.framework",
				"${TARGET_BUILD_DIR}/${FRAMEWORKS_FOLDER_PATH}/Zephyr.framework",
				"${TARGET_BUILD_DIR}/${FRAMEWORKS_FOLDER_PATH}/Zip.framework",
				"${TARGET_BUILD_DIR}/${FRAMEWORKS_FOLDER_PATH}/nanopb.framework",
			);
			runOnlyForDeploymentPostprocessing = 0;
			shellPath = /bin/sh;
			shellScript = "\"${PODS_ROOT}/Target Support Files/Pods-Backlogger/Pods-Backlogger-frameworks.sh\"\n";
			showEnvVarsInLog = 0;
		};
		C1331A8E1B3D322AF4ED6FC8 /* [CP] Check Pods Manifest.lock */ = {
			isa = PBXShellScriptBuildPhase;
			buildActionMask = 2147483647;
			files = (
			);
			inputFileListPaths = (
			);
			inputPaths = (
				"${PODS_PODFILE_DIR_PATH}/Podfile.lock",
				"${PODS_ROOT}/Manifest.lock",
			);
			name = "[CP] Check Pods Manifest.lock";
			outputFileListPaths = (
			);
			outputPaths = (
				"$(DERIVED_FILE_DIR)/Pods-BackloggerWidget-checkManifestLockResult.txt",
			);
			runOnlyForDeploymentPostprocessing = 0;
			shellPath = /bin/sh;
			shellScript = "diff \"${PODS_PODFILE_DIR_PATH}/Podfile.lock\" \"${PODS_ROOT}/Manifest.lock\" > /dev/null\nif [ $? != 0 ] ; then\n    # print error to STDERR\n    echo \"error: The sandbox is not in sync with the Podfile.lock. Run 'pod install' or update your CocoaPods installation.\" >&2\n    exit 1\nfi\n# This output is used by Xcode 'outputs' to avoid re-running this script phase.\necho \"SUCCESS\" > \"${SCRIPT_OUTPUT_FILE_0}\"\n";
			showEnvVarsInLog = 0;
		};
		D9919BC348EDA942AFC05AFC /* [CP] Check Pods Manifest.lock */ = {
			isa = PBXShellScriptBuildPhase;
			buildActionMask = 2147483647;
			files = (
			);
			inputFileListPaths = (
			);
			inputPaths = (
				"${PODS_PODFILE_DIR_PATH}/Podfile.lock",
				"${PODS_ROOT}/Manifest.lock",
			);
			name = "[CP] Check Pods Manifest.lock";
			outputFileListPaths = (
			);
			outputPaths = (
				"$(DERIVED_FILE_DIR)/Pods-Backlogger-checkManifestLockResult.txt",
			);
			runOnlyForDeploymentPostprocessing = 0;
			shellPath = /bin/sh;
			shellScript = "diff \"${PODS_PODFILE_DIR_PATH}/Podfile.lock\" \"${PODS_ROOT}/Manifest.lock\" > /dev/null\nif [ $? != 0 ] ; then\n    # print error to STDERR\n    echo \"error: The sandbox is not in sync with the Podfile.lock. Run 'pod install' or update your CocoaPods installation.\" >&2\n    exit 1\nfi\n# This output is used by Xcode 'outputs' to avoid re-running this script phase.\necho \"SUCCESS\" > \"${SCRIPT_OUTPUT_FILE_0}\"\n";
			showEnvVarsInLog = 0;
		};
		FA545BE01F06EE6C00D2F185 /* ShellScript */ = {
			isa = PBXShellScriptBuildPhase;
			buildActionMask = 2147483647;
			files = (
			);
			inputPaths = (
			);
			outputPaths = (
			);
			runOnlyForDeploymentPostprocessing = 0;
			shellPath = /bin/sh;
			shellScript = "\"${PODS_ROOT}/Fabric/run\" d6ea496ed95a9f128495250bae1780e3eba1e7ae 864f2b8b775cb2f1a273a7791115a60e1070d062c9aa166df58e296238718ebd";
		};
/* End PBXShellScriptBuildPhase section */

/* Begin PBXSourcesBuildPhase section */
		FA0915651E2AA4210052BCEC /* Sources */ = {
			isa = PBXSourcesBuildPhase;
			buildActionMask = 2147483647;
			files = (
				FADA809F1E4FB66A0069943D /* TableViewCell.swift in Sources */,
				FA358A661EBFC015001EE03D /* PlaylistAddTableCell.swift in Sources */,
				FABFF2C723C2D1B500E09095 /* FiltersTableViewController.swift in Sources */,
				FA4B449D1E6124CC006A843F /* GameDetailsViewController.swift in Sources */,
				FA8E71CF1E80E66500E7400B /* Developer.swift in Sources */,
				FA9CFA361EFCB1B7003E93B8 /* Steam.swift in Sources */,
				FA68A8CF1EC4C2A500C9CE2E /* AddToPlaylistViewController.swift in Sources */,
				FA358A561EBADF5E001EE03D /* PlaylistTableCell.swift in Sources */,
				FADA80901E4C12A50069943D /* TopAlignedCollectionViewFlowLayout.swift in Sources */,
				FA545BE21F0E740800D2F185 /* PercentViewController.swift in Sources */,
				FA358A681EC27768001EE03D /* ConsoleSelectionTableViewController.swift in Sources */,
				FADA808B1E4C07570069943D /* PanDirectionGestureRecognizer.swift in Sources */,
				FA4B448F1E5D3F2D006A843F /* Genre.swift in Sources */,
				FAC778B51E3481E200944B6B /* GameDetailOverlayViewController.swift in Sources */,
				FA1FFF811F0153E40048D907 /* GameCharacter.swift in Sources */,
				FA0915881E2AA98C0052BCEC /* MoreViewController.swift in Sources */,
				FA5C623D1E760413008558BF /* ToastOverlayViewController.swift in Sources */,
				FACD42781F32641C00F6DA0C /* ProgressCell.swift in Sources */,
				FA1FFF771EFDFBF50048D907 /* SteamLoginViewController.swift in Sources */,
				FA4B44871E556AD3006A843F /* LibraryAddSearchViewController.swift in Sources */,
				FABFF2C323BEB44400E09095 /* RandomGameViewController.swift in Sources */,
				FA358A5C1EBC2BD2001EE03D /* PlaylistTitleCell.swift in Sources */,
				FA09158C1E2AA9AD0052BCEC /* NowPlayingViewController.swift in Sources */,
				FA4B44931E5D405E006A843F /* ImageList.swift in Sources */,
				FA4B44A11E61E3FC006A843F /* ImageViewerController.swift in Sources */,
				FA4B44911E5D3F5A006A843F /* Platform.swift in Sources */,
				FA358A6A1EC2777E001EE03D /* PlaylistDetailsViewController.swift in Sources */,
				FA09158E1E2AA9BE0052BCEC /* RootViewController.swift in Sources */,
				FA4B448B1E5D3DC2006A843F /* Field.swift in Sources */,
				FA0915831E2AA9480052BCEC /* PlaylistViewController.swift in Sources */,
				FA1FFF791EFEB61E0048D907 /* AddSteamGamesViewController.swift in Sources */,
				FABFF2C123BE973600E09095 /* RandomGameBackgroundViewController.swift in Sources */,
				FA358A621EBF865B001EE03D /* PlaylistDescriptionCell.swift in Sources */,
				FA0915861E2AA97B0052BCEC /* LibraryViewController.swift in Sources */,
				FA4B44891E5625E7006A843F /* SearchResults.swift in Sources */,
				FADA808E1E4C0D680069943D /* NowPlayingGameViewCell.swift in Sources */,
				FA0915971E2B367B0052BCEC /* NowPlayingGameViewController.swift in Sources */,
				FA68A8F11ECBB18400C9CE2E /* PlaylistFooter.swift in Sources */,
				FA4B448D1E5D3F04006A843F /* Company.swift in Sources */,
				FA09156D1E2AA4210052BCEC /* AppDelegate.swift in Sources */,
				FA1FFF7B1F001F220048D907 /* AboutViewController.swift in Sources */,
				FA1854B81ECF22B30031087E /* Util.swift in Sources */,
				FADA80981E4FA0EB0069943D /* GameTableViewController.swift in Sources */,
				FA8E71CD1E80E61800E7400B /* Publisher.swift in Sources */,
				FA1FFF7F1F0153690048D907 /* CharacterCell.swift in Sources */,
				FADA80A21E5252DB0069943D /* Game.swift in Sources */,
				FA4B44991E5E97C5006A843F /* ImageCell.swift in Sources */,
				FA358A521EB9AC4C001EE03D /* Playlist.swift in Sources */,
				FA544F711F5C675500379505 /* WishlistViewController.swift in Sources */,
			);
			runOnlyForDeploymentPostprocessing = 0;
		};
		FACCA6481EF82CD8005F1021 /* Sources */ = {
			isa = PBXSourcesBuildPhase;
			buildActionMask = 2147483647;
			files = (
				FACCA6651EF84382005F1021 /* ImageList.swift in Sources */,
				FACCA6611EF840BF005F1021 /* Field.swift in Sources */,
				FACCA6511EF82CD8005F1021 /* TodayViewController.swift in Sources */,
				FACCA65F1EF840B2005F1021 /* Game.swift in Sources */,
				FACCA6661EF84386005F1021 /* Publisher.swift in Sources */,
				FACCA6601EF840B8005F1021 /* Platform.swift in Sources */,
				FACCA6631EF8437C005F1021 /* Company.swift in Sources */,
				FACCA6621EF84379005F1021 /* SearchResults.swift in Sources */,
				FACCA65E1EF840AA005F1021 /* Playlist.swift in Sources */,
				FA1FFF821F01A5920048D907 /* GameCharacter.swift in Sources */,
				FACCA6671EF8438A005F1021 /* Developer.swift in Sources */,
				FACCA6641EF8437F005F1021 /* Genre.swift in Sources */,
			);
			runOnlyForDeploymentPostprocessing = 0;
		};
/* End PBXSourcesBuildPhase section */

/* Begin PBXTargetDependency section */
		FACCA6571EF82CD8005F1021 /* PBXTargetDependency */ = {
			isa = PBXTargetDependency;
			target = FACCA64B1EF82CD8005F1021 /* BackloggerWidget */;
			targetProxy = FACCA6561EF82CD8005F1021 /* PBXContainerItemProxy */;
		};
/* End PBXTargetDependency section */

/* Begin PBXVariantGroup section */
		FA0915721E2AA4210052BCEC /* Main.storyboard */ = {
			isa = PBXVariantGroup;
			children = (
				FA0915731E2AA4210052BCEC /* Base */,
			);
			name = Main.storyboard;
			sourceTree = "<group>";
		};
		FA0915771E2AA4210052BCEC /* LaunchScreen.storyboard */ = {
			isa = PBXVariantGroup;
			children = (
				FA0915781E2AA4210052BCEC /* Base */,
			);
			name = LaunchScreen.storyboard;
			sourceTree = "<group>";
		};
		FACCA6521EF82CD8005F1021 /* MainInterface.storyboard */ = {
			isa = PBXVariantGroup;
			children = (
				FACCA6531EF82CD8005F1021 /* Base */,
			);
			name = MainInterface.storyboard;
			sourceTree = "<group>";
		};
/* End PBXVariantGroup section */

/* Begin XCBuildConfiguration section */
		FA09157B1E2AA4210052BCEC /* Debug */ = {
			isa = XCBuildConfiguration;
			buildSettings = {
				ALTERNATE_GROUP = "";
				ALWAYS_SEARCH_USER_PATHS = NO;
				CLANG_ANALYZER_NONNULL = YES;
				CLANG_CXX_LANGUAGE_STANDARD = "gnu++0x";
				CLANG_CXX_LIBRARY = "libc++";
				CLANG_ENABLE_MODULES = YES;
				CLANG_ENABLE_OBJC_ARC = YES;
				CLANG_WARN_BLOCK_CAPTURE_AUTORELEASING = YES;
				CLANG_WARN_BOOL_CONVERSION = YES;
				CLANG_WARN_COMMA = YES;
				CLANG_WARN_CONSTANT_CONVERSION = YES;
				CLANG_WARN_DEPRECATED_OBJC_IMPLEMENTATIONS = YES;
				CLANG_WARN_DIRECT_OBJC_ISA_USAGE = YES_ERROR;
				CLANG_WARN_DOCUMENTATION_COMMENTS = YES;
				CLANG_WARN_EMPTY_BODY = YES;
				CLANG_WARN_ENUM_CONVERSION = YES;
				CLANG_WARN_INFINITE_RECURSION = YES;
				CLANG_WARN_INT_CONVERSION = YES;
				CLANG_WARN_NON_LITERAL_NULL_CONVERSION = YES;
				CLANG_WARN_OBJC_IMPLICIT_RETAIN_SELF = YES;
				CLANG_WARN_OBJC_LITERAL_CONVERSION = YES;
				CLANG_WARN_OBJC_ROOT_CLASS = YES_ERROR;
				CLANG_WARN_RANGE_LOOP_ANALYSIS = YES;
				CLANG_WARN_STRICT_PROTOTYPES = YES;
				CLANG_WARN_SUSPICIOUS_MOVE = YES;
				CLANG_WARN_UNREACHABLE_CODE = YES;
				CLANG_WARN__DUPLICATE_METHOD_MATCH = YES;
				"CODE_SIGN_IDENTITY[sdk=iphoneos*]" = "iPhone Developer";
				COPY_PHASE_STRIP = NO;
				DEBUG_INFORMATION_FORMAT = "dwarf-with-dsym";
				ENABLE_STRICT_OBJC_MSGSEND = YES;
				ENABLE_TESTABILITY = YES;
				GCC_C_LANGUAGE_STANDARD = gnu99;
				GCC_DYNAMIC_NO_PIC = NO;
				GCC_NO_COMMON_BLOCKS = YES;
				GCC_OPTIMIZATION_LEVEL = 0;
				GCC_PREPROCESSOR_DEFINITIONS = (
					"DEBUG=1",
					"$(inherited)",
				);
				GCC_WARN_64_TO_32_BIT_CONVERSION = YES;
				GCC_WARN_ABOUT_RETURN_TYPE = YES_ERROR;
				GCC_WARN_UNDECLARED_SELECTOR = YES;
				GCC_WARN_UNINITIALIZED_AUTOS = YES_AGGRESSIVE;
				GCC_WARN_UNUSED_FUNCTION = YES;
				GCC_WARN_UNUSED_VARIABLE = YES;
				INSTALL_GROUP = everyone;
				IPHONEOS_DEPLOYMENT_TARGET = 11.0;
				MTL_ENABLE_DEBUG_INFO = YES;
				ONLY_ACTIVE_ARCH = YES;
				SDKROOT = iphoneos;
				SWIFT_ACTIVE_COMPILATION_CONDITIONS = DEBUG;
				SWIFT_OPTIMIZATION_LEVEL = "-Onone";
				SWIFT_SWIFT3_OBJC_INFERENCE = Off;
				TARGETED_DEVICE_FAMILY = "1,2";
			};
			name = Debug;
		};
		FA09157C1E2AA4210052BCEC /* Release */ = {
			isa = XCBuildConfiguration;
			buildSettings = {
				ALTERNATE_GROUP = "";
				ALWAYS_SEARCH_USER_PATHS = NO;
				CLANG_ANALYZER_NONNULL = YES;
				CLANG_CXX_LANGUAGE_STANDARD = "gnu++0x";
				CLANG_CXX_LIBRARY = "libc++";
				CLANG_ENABLE_MODULES = YES;
				CLANG_ENABLE_OBJC_ARC = YES;
				CLANG_WARN_BLOCK_CAPTURE_AUTORELEASING = YES;
				CLANG_WARN_BOOL_CONVERSION = YES;
				CLANG_WARN_COMMA = YES;
				CLANG_WARN_CONSTANT_CONVERSION = YES;
				CLANG_WARN_DEPRECATED_OBJC_IMPLEMENTATIONS = YES;
				CLANG_WARN_DIRECT_OBJC_ISA_USAGE = YES_ERROR;
				CLANG_WARN_DOCUMENTATION_COMMENTS = YES;
				CLANG_WARN_EMPTY_BODY = YES;
				CLANG_WARN_ENUM_CONVERSION = YES;
				CLANG_WARN_INFINITE_RECURSION = YES;
				CLANG_WARN_INT_CONVERSION = YES;
				CLANG_WARN_NON_LITERAL_NULL_CONVERSION = YES;
				CLANG_WARN_OBJC_IMPLICIT_RETAIN_SELF = YES;
				CLANG_WARN_OBJC_LITERAL_CONVERSION = YES;
				CLANG_WARN_OBJC_ROOT_CLASS = YES_ERROR;
				CLANG_WARN_RANGE_LOOP_ANALYSIS = YES;
				CLANG_WARN_STRICT_PROTOTYPES = YES;
				CLANG_WARN_SUSPICIOUS_MOVE = YES;
				CLANG_WARN_UNREACHABLE_CODE = YES;
				CLANG_WARN__DUPLICATE_METHOD_MATCH = YES;
				"CODE_SIGN_IDENTITY[sdk=iphoneos*]" = "iPhone Developer";
				COPY_PHASE_STRIP = NO;
				DEBUG_INFORMATION_FORMAT = "dwarf-with-dsym";
				ENABLE_NS_ASSERTIONS = NO;
				ENABLE_STRICT_OBJC_MSGSEND = YES;
				GCC_C_LANGUAGE_STANDARD = gnu99;
				GCC_NO_COMMON_BLOCKS = YES;
				GCC_WARN_64_TO_32_BIT_CONVERSION = YES;
				GCC_WARN_ABOUT_RETURN_TYPE = YES_ERROR;
				GCC_WARN_UNDECLARED_SELECTOR = YES;
				GCC_WARN_UNINITIALIZED_AUTOS = YES_AGGRESSIVE;
				GCC_WARN_UNUSED_FUNCTION = YES;
				GCC_WARN_UNUSED_VARIABLE = YES;
				INSTALL_GROUP = everyone;
				IPHONEOS_DEPLOYMENT_TARGET = 11.0;
				MTL_ENABLE_DEBUG_INFO = NO;
				SDKROOT = iphoneos;
				SWIFT_OPTIMIZATION_LEVEL = "-Owholemodule";
				SWIFT_SWIFT3_OBJC_INFERENCE = Off;
				TARGETED_DEVICE_FAMILY = "1,2";
				VALIDATE_PRODUCT = YES;
			};
			name = Release;
		};
		FA09157E1E2AA4210052BCEC /* Debug */ = {
			isa = XCBuildConfiguration;
			baseConfigurationReference = FCA9F7721B70E29F61F851FA /* Pods-Backlogger.debug.xcconfig */;
			buildSettings = {
				ASSETCATALOG_COMPILER_APPICON_NAME = AppIcon;
				CODE_SIGN_ENTITLEMENTS = Backlogger/Backlogger.entitlements;
				CODE_SIGN_IDENTITY = "iPhone Developer";
				CURRENT_PROJECT_VERSION = 1;
				DEBUG_INFORMATION_FORMAT = "dwarf-with-dsym";
				DEVELOPMENT_TEAM = D9J98STRHA;
				INFOPLIST_FILE = Backlogger/Info.plist;
				IPHONEOS_DEPLOYMENT_TARGET = 13.0;
				LD_RUNPATH_SEARCH_PATHS = "$(inherited) @executable_path/Frameworks";
				MARKETING_VERSION = 2.0.0;
				PRODUCT_BUNDLE_IDENTIFIER = com.alexbusman.Backlogger;
				PRODUCT_NAME = "$(TARGET_NAME)";
				SWIFT_SWIFT3_OBJC_INFERENCE = Off;
				SWIFT_VERSION = 5.0;
				TARGETED_DEVICE_FAMILY = "1,2";
			};
			name = Debug;
		};
		FA09157F1E2AA4210052BCEC /* Release */ = {
			isa = XCBuildConfiguration;
			baseConfigurationReference = C0900556C940BC43622E640A /* Pods-Backlogger.release.xcconfig */;
			buildSettings = {
				ASSETCATALOG_COMPILER_APPICON_NAME = AppIcon;
				CODE_SIGN_ENTITLEMENTS = Backlogger/Backlogger.entitlements;
				CODE_SIGN_IDENTITY = "iPhone Developer";
				CURRENT_PROJECT_VERSION = 1;
				DEVELOPMENT_TEAM = D9J98STRHA;
				INFOPLIST_FILE = Backlogger/Info.plist;
				IPHONEOS_DEPLOYMENT_TARGET = 13.0;
				LD_RUNPATH_SEARCH_PATHS = "$(inherited) @executable_path/Frameworks";
				MARKETING_VERSION = 2.0.0;
				PRODUCT_BUNDLE_IDENTIFIER = com.alexbusman.Backlogger;
				PRODUCT_NAME = "$(TARGET_NAME)";
				SWIFT_SWIFT3_OBJC_INFERENCE = Off;
				SWIFT_VERSION = 5.0;
				TARGETED_DEVICE_FAMILY = "1,2";
			};
			name = Release;
		};
		FACCA6591EF82CD8005F1021 /* Debug */ = {
			isa = XCBuildConfiguration;
			baseConfigurationReference = 46B7EA5C8179482E14EC84BE /* Pods-BackloggerWidget.debug.xcconfig */;
			buildSettings = {
				CLANG_ANALYZER_NUMBER_OBJECT_CONVERSION = YES_AGGRESSIVE;
				CODE_SIGN_ENTITLEMENTS = BackloggerWidget/BackloggerWidget.entitlements;
				CURRENT_PROJECT_VERSION = 1;
				DEVELOPMENT_TEAM = D9J98STRHA;
				INFOPLIST_FILE = BackloggerWidget/Info.plist;
				IPHONEOS_DEPLOYMENT_TARGET = 13.0;
				LD_RUNPATH_SEARCH_PATHS = "$(inherited) @executable_path/Frameworks @executable_path/../../Frameworks";
				MARKETING_VERSION = 2.0.0;
				PRODUCT_BUNDLE_IDENTIFIER = com.alexbusman.Backlogger.BackloggerWidget;
				PRODUCT_NAME = "$(TARGET_NAME)";
				SKIP_INSTALL = YES;
				SWIFT_SWIFT3_OBJC_INFERENCE = Off;
				SWIFT_VERSION = 5.0;
				TARGETED_DEVICE_FAMILY = "1,2";
			};
			name = Debug;
		};
		FACCA65A1EF82CD8005F1021 /* Release */ = {
			isa = XCBuildConfiguration;
			baseConfigurationReference = 71CC2D9AB3D47C390F0399A2 /* Pods-BackloggerWidget.release.xcconfig */;
			buildSettings = {
				CLANG_ANALYZER_NUMBER_OBJECT_CONVERSION = YES_AGGRESSIVE;
				CODE_SIGN_ENTITLEMENTS = BackloggerWidget/BackloggerWidget.entitlements;
				CURRENT_PROJECT_VERSION = 1;
				DEVELOPMENT_TEAM = D9J98STRHA;
				INFOPLIST_FILE = BackloggerWidget/Info.plist;
				IPHONEOS_DEPLOYMENT_TARGET = 13.0;
				LD_RUNPATH_SEARCH_PATHS = "$(inherited) @executable_path/Frameworks @executable_path/../../Frameworks";
				MARKETING_VERSION = 2.0.0;
				PRODUCT_BUNDLE_IDENTIFIER = com.alexbusman.Backlogger.BackloggerWidget;
				PRODUCT_NAME = "$(TARGET_NAME)";
				SKIP_INSTALL = YES;
				SWIFT_SWIFT3_OBJC_INFERENCE = Off;
				SWIFT_VERSION = 5.0;
				TARGETED_DEVICE_FAMILY = "1,2";
			};
			name = Release;
		};
/* End XCBuildConfiguration section */

/* Begin XCConfigurationList section */
		FA0915641E2AA4210052BCEC /* Build configuration list for PBXProject "Backlogger" */ = {
			isa = XCConfigurationList;
			buildConfigurations = (
				FA09157B1E2AA4210052BCEC /* Debug */,
				FA09157C1E2AA4210052BCEC /* Release */,
			);
			defaultConfigurationIsVisible = 0;
			defaultConfigurationName = Release;
		};
		FA09157D1E2AA4210052BCEC /* Build configuration list for PBXNativeTarget "Backlogger" */ = {
			isa = XCConfigurationList;
			buildConfigurations = (
				FA09157E1E2AA4210052BCEC /* Debug */,
				FA09157F1E2AA4210052BCEC /* Release */,
			);
			defaultConfigurationIsVisible = 0;
			defaultConfigurationName = Release;
		};
		FACCA65B1EF82CD8005F1021 /* Build configuration list for PBXNativeTarget "BackloggerWidget" */ = {
			isa = XCConfigurationList;
			buildConfigurations = (
				FACCA6591EF82CD8005F1021 /* Debug */,
				FACCA65A1EF82CD8005F1021 /* Release */,
			);
			defaultConfigurationIsVisible = 0;
			defaultConfigurationName = Release;
		};
/* End XCConfigurationList section */
	};
	rootObject = FA0915611E2AA4210052BCEC /* Project object */;
}
