// !$*UTF8*$!
{
	archiveVersion = 1;
	classes = {
	};
	objectVersion = 46;
	objects = {

/* Begin PBXBuildFile section */
		F5EE7A022B3CAD2DD1FF320A /* Pods_Backlogger.framework in Frameworks */ = {isa = PBXBuildFile; fileRef = DC8BBA1C96900E3F30355A5F /* Pods_Backlogger.framework */; };
		FA09156D1E2AA4210052BCEC /* AppDelegate.swift in Sources */ = {isa = PBXBuildFile; fileRef = FA09156C1E2AA4210052BCEC /* AppDelegate.swift */; };
		FA0915741E2AA4210052BCEC /* Main.storyboard in Resources */ = {isa = PBXBuildFile; fileRef = FA0915721E2AA4210052BCEC /* Main.storyboard */; };
		FA0915761E2AA4210052BCEC /* Assets.xcassets in Resources */ = {isa = PBXBuildFile; fileRef = FA0915751E2AA4210052BCEC /* Assets.xcassets */; };
		FA0915791E2AA4210052BCEC /* LaunchScreen.storyboard in Resources */ = {isa = PBXBuildFile; fileRef = FA0915771E2AA4210052BCEC /* LaunchScreen.storyboard */; };
		FA0915831E2AA9480052BCEC /* PlaylistViewController.swift in Sources */ = {isa = PBXBuildFile; fileRef = FA0915821E2AA9480052BCEC /* PlaylistViewController.swift */; };
		FA0915861E2AA97B0052BCEC /* LibraryViewController.swift in Sources */ = {isa = PBXBuildFile; fileRef = FA0915851E2AA97B0052BCEC /* LibraryViewController.swift */; };
		FA0915881E2AA98C0052BCEC /* MoreViewController.swift in Sources */ = {isa = PBXBuildFile; fileRef = FA0915871E2AA98C0052BCEC /* MoreViewController.swift */; };
		FA09158C1E2AA9AD0052BCEC /* NowPlayingViewController.swift in Sources */ = {isa = PBXBuildFile; fileRef = FA09158B1E2AA9AD0052BCEC /* NowPlayingViewController.swift */; };
		FA09158E1E2AA9BE0052BCEC /* RootViewController.swift in Sources */ = {isa = PBXBuildFile; fileRef = FA09158D1E2AA9BE0052BCEC /* RootViewController.swift */; };
		FA0915921E2AEF2C0052BCEC /* NowPlayingGameView.xib in Resources */ = {isa = PBXBuildFile; fileRef = FA0915911E2AEF2C0052BCEC /* NowPlayingGameView.xib */; };
		FA0915971E2B367B0052BCEC /* NowPlayingGameViewController.swift in Sources */ = {isa = PBXBuildFile; fileRef = FA0915961E2B367B0052BCEC /* NowPlayingGameViewController.swift */; };
		FAC778B11E3481A200944B6B /* GameDetailOverlayView.xib in Resources */ = {isa = PBXBuildFile; fileRef = FAC778B01E3481A200944B6B /* GameDetailOverlayView.xib */; };
		FAC778B51E3481E200944B6B /* GameDetailOverlayViewController.swift in Sources */ = {isa = PBXBuildFile; fileRef = FAC778B41E3481E200944B6B /* GameDetailOverlayViewController.swift */; };
		FADA80881E4AE18F0069943D /* NoiseView.swift in Sources */ = {isa = PBXBuildFile; fileRef = FADA80871E4AE18F0069943D /* NoiseView.swift */; };
		FADA808B1E4C07570069943D /* PanDirectionGestureRecognizer.swift in Sources */ = {isa = PBXBuildFile; fileRef = FADA808A1E4C07570069943D /* PanDirectionGestureRecognizer.swift */; };
		FADA808E1E4C0D680069943D /* NowPlayingGameViewCell.swift in Sources */ = {isa = PBXBuildFile; fileRef = FADA808D1E4C0D680069943D /* NowPlayingGameViewCell.swift */; };
		FADA80901E4C12A50069943D /* TopAlignedCollectionViewFlowLayout.swift in Sources */ = {isa = PBXBuildFile; fileRef = FADA808F1E4C12A50069943D /* TopAlignedCollectionViewFlowLayout.swift */; };
		FADA80921E4C22B90069943D /* ConsoleView.xib in Resources */ = {isa = PBXBuildFile; fileRef = FADA80911E4C22B90069943D /* ConsoleView.xib */; };
		FADA80941E4C2A670069943D /* ConsoleViewController.swift in Sources */ = {isa = PBXBuildFile; fileRef = FADA80931E4C2A670069943D /* ConsoleViewController.swift */; };
/* End PBXBuildFile section */

/* Begin PBXFileReference section */
		9AAD962DF395F2D66FEC110A /* Pods-Backlogger.debug.xcconfig */ = {isa = PBXFileReference; includeInIndex = 1; lastKnownFileType = text.xcconfig; name = "Pods-Backlogger.debug.xcconfig"; path = "Pods/Target Support Files/Pods-Backlogger/Pods-Backlogger.debug.xcconfig"; sourceTree = "<group>"; };
		D199AF38A366A54E48258FDF /* Pods-Backlogger.release.xcconfig */ = {isa = PBXFileReference; includeInIndex = 1; lastKnownFileType = text.xcconfig; name = "Pods-Backlogger.release.xcconfig"; path = "Pods/Target Support Files/Pods-Backlogger/Pods-Backlogger.release.xcconfig"; sourceTree = "<group>"; };
		DC8BBA1C96900E3F30355A5F /* Pods_Backlogger.framework */ = {isa = PBXFileReference; explicitFileType = wrapper.framework; includeInIndex = 0; path = Pods_Backlogger.framework; sourceTree = BUILT_PRODUCTS_DIR; };
		FA0915691E2AA4210052BCEC /* Backlogger.app */ = {isa = PBXFileReference; explicitFileType = wrapper.application; includeInIndex = 0; path = Backlogger.app; sourceTree = BUILT_PRODUCTS_DIR; };
		FA09156C1E2AA4210052BCEC /* AppDelegate.swift */ = {isa = PBXFileReference; lastKnownFileType = sourcecode.swift; path = AppDelegate.swift; sourceTree = "<group>"; };
		FA0915731E2AA4210052BCEC /* Base */ = {isa = PBXFileReference; lastKnownFileType = file.storyboard; name = Base; path = Base.lproj/Main.storyboard; sourceTree = "<group>"; };
		FA0915751E2AA4210052BCEC /* Assets.xcassets */ = {isa = PBXFileReference; lastKnownFileType = folder.assetcatalog; path = Assets.xcassets; sourceTree = "<group>"; };
		FA0915781E2AA4210052BCEC /* Base */ = {isa = PBXFileReference; lastKnownFileType = file.storyboard; name = Base; path = Base.lproj/LaunchScreen.storyboard; sourceTree = "<group>"; };
		FA09157A1E2AA4210052BCEC /* Info.plist */ = {isa = PBXFileReference; lastKnownFileType = text.plist.xml; path = Info.plist; sourceTree = "<group>"; };
		FA0915821E2AA9480052BCEC /* PlaylistViewController.swift */ = {isa = PBXFileReference; fileEncoding = 4; lastKnownFileType = sourcecode.swift; name = PlaylistViewController.swift; path = "View Controllers/PlaylistViewController.swift"; sourceTree = "<group>"; };
		FA0915851E2AA97B0052BCEC /* LibraryViewController.swift */ = {isa = PBXFileReference; fileEncoding = 4; lastKnownFileType = sourcecode.swift; name = LibraryViewController.swift; path = "View Controllers/LibraryViewController.swift"; sourceTree = "<group>"; };
		FA0915871E2AA98C0052BCEC /* MoreViewController.swift */ = {isa = PBXFileReference; fileEncoding = 4; lastKnownFileType = sourcecode.swift; name = MoreViewController.swift; path = "View Controllers/MoreViewController.swift"; sourceTree = "<group>"; };
		FA09158B1E2AA9AD0052BCEC /* NowPlayingViewController.swift */ = {isa = PBXFileReference; fileEncoding = 4; lastKnownFileType = sourcecode.swift; name = NowPlayingViewController.swift; path = "View Controllers/NowPlayingViewController.swift"; sourceTree = "<group>"; };
		FA09158D1E2AA9BE0052BCEC /* RootViewController.swift */ = {isa = PBXFileReference; fileEncoding = 4; lastKnownFileType = sourcecode.swift; name = RootViewController.swift; path = "View Controllers/RootViewController.swift"; sourceTree = "<group>"; };
		FA0915911E2AEF2C0052BCEC /* NowPlayingGameView.xib */ = {isa = PBXFileReference; fileEncoding = 4; lastKnownFileType = file.xib; name = NowPlayingGameView.xib; path = Views/NowPlayingGameView.xib; sourceTree = "<group>"; };
		FA0915961E2B367B0052BCEC /* NowPlayingGameViewController.swift */ = {isa = PBXFileReference; fileEncoding = 4; lastKnownFileType = sourcecode.swift; name = NowPlayingGameViewController.swift; path = "View Controllers/NowPlayingGameViewController.swift"; sourceTree = "<group>"; };
		FAC778B01E3481A200944B6B /* GameDetailOverlayView.xib */ = {isa = PBXFileReference; fileEncoding = 4; lastKnownFileType = file.xib; name = GameDetailOverlayView.xib; path = Views/GameDetailOverlayView.xib; sourceTree = "<group>"; };
		FAC778B41E3481E200944B6B /* GameDetailOverlayViewController.swift */ = {isa = PBXFileReference; fileEncoding = 4; lastKnownFileType = sourcecode.swift; name = GameDetailOverlayViewController.swift; path = "View Controllers/GameDetailOverlayViewController.swift"; sourceTree = "<group>"; };
		FADA80871E4AE18F0069943D /* NoiseView.swift */ = {isa = PBXFileReference; fileEncoding = 4; lastKnownFileType = sourcecode.swift; name = NoiseView.swift; path = Views/NoiseView.swift; sourceTree = "<group>"; };
		FADA808A1E4C07570069943D /* PanDirectionGestureRecognizer.swift */ = {isa = PBXFileReference; fileEncoding = 4; lastKnownFileType = sourcecode.swift; name = PanDirectionGestureRecognizer.swift; path = "Gesture Recognizers/PanDirectionGestureRecognizer.swift"; sourceTree = "<group>"; };
		FADA808D1E4C0D680069943D /* NowPlayingGameViewCell.swift */ = {isa = PBXFileReference; fileEncoding = 4; lastKnownFileType = sourcecode.swift; name = NowPlayingGameViewCell.swift; path = "Collection View/NowPlayingGameViewCell.swift"; sourceTree = "<group>"; };
		FADA808F1E4C12A50069943D /* TopAlignedCollectionViewFlowLayout.swift */ = {isa = PBXFileReference; fileEncoding = 4; lastKnownFileType = sourcecode.swift; name = TopAlignedCollectionViewFlowLayout.swift; path = "Collection View/TopAlignedCollectionViewFlowLayout.swift"; sourceTree = "<group>"; };
		FADA80911E4C22B90069943D /* ConsoleView.xib */ = {isa = PBXFileReference; fileEncoding = 4; lastKnownFileType = file.xib; name = ConsoleView.xib; path = Views/ConsoleView.xib; sourceTree = "<group>"; };
		FADA80931E4C2A670069943D /* ConsoleViewController.swift */ = {isa = PBXFileReference; fileEncoding = 4; lastKnownFileType = sourcecode.swift; name = ConsoleViewController.swift; path = "View Controllers/ConsoleViewController.swift"; sourceTree = "<group>"; };
/* End PBXFileReference section */

/* Begin PBXFrameworksBuildPhase section */
		FA0915661E2AA4210052BCEC /* Frameworks */ = {
			isa = PBXFrameworksBuildPhase;
			buildActionMask = 2147483647;
			files = (
				F5EE7A022B3CAD2DD1FF320A /* Pods_Backlogger.framework in Frameworks */,
			);
			runOnlyForDeploymentPostprocessing = 0;
		};
/* End PBXFrameworksBuildPhase section */

/* Begin PBXGroup section */
		D42009BDAD157796B99BA222 /* Pods */ = {
			isa = PBXGroup;
			children = (
				9AAD962DF395F2D66FEC110A /* Pods-Backlogger.debug.xcconfig */,
				D199AF38A366A54E48258FDF /* Pods-Backlogger.release.xcconfig */,
			);
			name = Pods;
			sourceTree = "<group>";
		};
		D89C49BAE2CAA1BC26041695 /* Frameworks */ = {
			isa = PBXGroup;
			children = (
				DC8BBA1C96900E3F30355A5F /* Pods_Backlogger.framework */,
			);
			name = Frameworks;
			sourceTree = "<group>";
		};
		FA0915601E2AA4210052BCEC = {
			isa = PBXGroup;
			children = (
				FA09156B1E2AA4210052BCEC /* Backlogger */,
				FA09156A1E2AA4210052BCEC /* Products */,
				D42009BDAD157796B99BA222 /* Pods */,
				D89C49BAE2CAA1BC26041695 /* Frameworks */,
			);
			sourceTree = "<group>";
		};
		FA09156A1E2AA4210052BCEC /* Products */ = {
			isa = PBXGroup;
			children = (
				FA0915691E2AA4210052BCEC /* Backlogger.app */,
			);
			name = Products;
			sourceTree = "<group>";
		};
		FA09156B1E2AA4210052BCEC /* Backlogger */ = {
			isa = PBXGroup;
			children = (
				FADA808C1E4C0D440069943D /* Collection View */,
				FADA80891E4C072E0069943D /* Gesture Recognizers */,
				FA0915931E2AEF400052BCEC /* Views */,
				FA0915841E2AA9520052BCEC /* View Controllers */,
				FA09156C1E2AA4210052BCEC /* AppDelegate.swift */,
				FA0915721E2AA4210052BCEC /* Main.storyboard */,
				FA0915751E2AA4210052BCEC /* Assets.xcassets */,
				FA0915771E2AA4210052BCEC /* LaunchScreen.storyboard */,
				FA09157A1E2AA4210052BCEC /* Info.plist */,
			);
			path = Backlogger;
			sourceTree = "<group>";
		};
		FA0915841E2AA9520052BCEC /* View Controllers */ = {
			isa = PBXGroup;
			children = (
				FA09158B1E2AA9AD0052BCEC /* NowPlayingViewController.swift */,
				FA0915821E2AA9480052BCEC /* PlaylistViewController.swift */,
				FA0915851E2AA97B0052BCEC /* LibraryViewController.swift */,
				FA0915871E2AA98C0052BCEC /* MoreViewController.swift */,
				FA09158D1E2AA9BE0052BCEC /* RootViewController.swift */,
				FA0915961E2B367B0052BCEC /* NowPlayingGameViewController.swift */,
				FAC778B41E3481E200944B6B /* GameDetailOverlayViewController.swift */,
				FADA80931E4C2A670069943D /* ConsoleViewController.swift */,
			);
			name = "View Controllers";
			sourceTree = "<group>";
		};
		FA0915931E2AEF400052BCEC /* Views */ = {
			isa = PBXGroup;
			children = (
				FA0915911E2AEF2C0052BCEC /* NowPlayingGameView.xib */,
				FAC778B01E3481A200944B6B /* GameDetailOverlayView.xib */,
				FADA80871E4AE18F0069943D /* NoiseView.swift */,
				FADA80911E4C22B90069943D /* ConsoleView.xib */,
			);
			name = Views;
			sourceTree = "<group>";
		};
		FADA80891E4C072E0069943D /* Gesture Recognizers */ = {
			isa = PBXGroup;
			children = (
				FADA808A1E4C07570069943D /* PanDirectionGestureRecognizer.swift */,
			);
			name = "Gesture Recognizers";
			sourceTree = "<group>";
		};
		FADA808C1E4C0D440069943D /* Collection View */ = {
			isa = PBXGroup;
			children = (
				FADA808D1E4C0D680069943D /* NowPlayingGameViewCell.swift */,
				FADA808F1E4C12A50069943D /* TopAlignedCollectionViewFlowLayout.swift */,
			);
			name = "Collection View";
			sourceTree = "<group>";
		};
/* End PBXGroup section */

/* Begin PBXNativeTarget section */
		FA0915681E2AA4210052BCEC /* Backlogger */ = {
			isa = PBXNativeTarget;
			buildConfigurationList = FA09157D1E2AA4210052BCEC /* Build configuration list for PBXNativeTarget "Backlogger" */;
			buildPhases = (
				C8889B9FD6B103ABC525973E /* [CP] Check Pods Manifest.lock */,
				FA0915651E2AA4210052BCEC /* Sources */,
				FA0915661E2AA4210052BCEC /* Frameworks */,
				FA0915671E2AA4210052BCEC /* Resources */,
				4AF8E8992E4F9638814F71F4 /* [CP] Embed Pods Frameworks */,
				4C5FDF5FB9DB89EF0DF988BF /* [CP] Copy Pods Resources */,
			);
			buildRules = (
			);
			dependencies = (
			);
			name = Backlogger;
			productName = Backlogger;
			productReference = FA0915691E2AA4210052BCEC /* Backlogger.app */;
			productType = "com.apple.product-type.application";
		};
/* End PBXNativeTarget section */

/* Begin PBXProject section */
		FA0915611E2AA4210052BCEC /* Project object */ = {
			isa = PBXProject;
			attributes = {
				LastSwiftUpdateCheck = 0820;
				LastUpgradeCheck = 0820;
				ORGANIZATIONNAME = "Alex Busman";
				TargetAttributes = {
					FA0915681E2AA4210052BCEC = {
						CreatedOnToolsVersion = 8.2.1;
						DevelopmentTeam = RJTCSD68GK;
						ProvisioningStyle = Automatic;
					};
				};
			};
			buildConfigurationList = FA0915641E2AA4210052BCEC /* Build configuration list for PBXProject "Backlogger" */;
			compatibilityVersion = "Xcode 3.2";
			developmentRegion = English;
			hasScannedForEncodings = 0;
			knownRegions = (
				en,
				Base,
			);
			mainGroup = FA0915601E2AA4210052BCEC;
			productRefGroup = FA09156A1E2AA4210052BCEC /* Products */;
			projectDirPath = "";
			projectRoot = "";
			targets = (
				FA0915681E2AA4210052BCEC /* Backlogger */,
			);
		};
/* End PBXProject section */

/* Begin PBXResourcesBuildPhase section */
		FA0915671E2AA4210052BCEC /* Resources */ = {
			isa = PBXResourcesBuildPhase;
			buildActionMask = 2147483647;
			files = (
				FAC778B11E3481A200944B6B /* GameDetailOverlayView.xib in Resources */,
				FA0915921E2AEF2C0052BCEC /* NowPlayingGameView.xib in Resources */,
				FADA80921E4C22B90069943D /* ConsoleView.xib in Resources */,
				FA0915791E2AA4210052BCEC /* LaunchScreen.storyboard in Resources */,
				FA0915761E2AA4210052BCEC /* Assets.xcassets in Resources */,
				FA0915741E2AA4210052BCEC /* Main.storyboard in Resources */,
			);
			runOnlyForDeploymentPostprocessing = 0;
		};
/* End PBXResourcesBuildPhase section */

/* Begin PBXShellScriptBuildPhase section */
		4AF8E8992E4F9638814F71F4 /* [CP] Embed Pods Frameworks */ = {
			isa = PBXShellScriptBuildPhase;
			buildActionMask = 2147483647;
			files = (
			);
			inputPaths = (
			);
			name = "[CP] Embed Pods Frameworks";
			outputPaths = (
			);
			runOnlyForDeploymentPostprocessing = 0;
			shellPath = /bin/sh;
			shellScript = "\"${SRCROOT}/Pods/Target Support Files/Pods-Backlogger/Pods-Backlogger-frameworks.sh\"\n";
			showEnvVarsInLog = 0;
		};
		4C5FDF5FB9DB89EF0DF988BF /* [CP] Copy Pods Resources */ = {
			isa = PBXShellScriptBuildPhase;
			buildActionMask = 2147483647;
			files = (
			);
			inputPaths = (
			);
			name = "[CP] Copy Pods Resources";
			outputPaths = (
			);
			runOnlyForDeploymentPostprocessing = 0;
			shellPath = /bin/sh;
			shellScript = "\"${SRCROOT}/Pods/Target Support Files/Pods-Backlogger/Pods-Backlogger-resources.sh\"\n";
			showEnvVarsInLog = 0;
		};
		C8889B9FD6B103ABC525973E /* [CP] Check Pods Manifest.lock */ = {
			isa = PBXShellScriptBuildPhase;
			buildActionMask = 2147483647;
			files = (
			);
			inputPaths = (
			);
			name = "[CP] Check Pods Manifest.lock";
			outputPaths = (
			);
			runOnlyForDeploymentPostprocessing = 0;
			shellPath = /bin/sh;
			shellScript = "diff \"${PODS_ROOT}/../Podfile.lock\" \"${PODS_ROOT}/Manifest.lock\" > /dev/null\nif [ $? != 0 ] ; then\n    # print error to STDERR\n    echo \"error: The sandbox is not in sync with the Podfile.lock. Run 'pod install' or update your CocoaPods installation.\" >&2\n    exit 1\nfi\n";
			showEnvVarsInLog = 0;
		};
/* End PBXShellScriptBuildPhase section */

/* Begin PBXSourcesBuildPhase section */
		FA0915651E2AA4210052BCEC /* Sources */ = {
			isa = PBXSourcesBuildPhase;
			buildActionMask = 2147483647;
			files = (
				FADA80901E4C12A50069943D /* TopAlignedCollectionViewFlowLayout.swift in Sources */,
				FADA808B1E4C07570069943D /* PanDirectionGestureRecognizer.swift in Sources */,
				FADA80941E4C2A670069943D /* ConsoleViewController.swift in Sources */,
				FAC778B51E3481E200944B6B /* GameDetailOverlayViewController.swift in Sources */,
				FA0915881E2AA98C0052BCEC /* MoreViewController.swift in Sources */,
				FA09158C1E2AA9AD0052BCEC /* NowPlayingViewController.swift in Sources */,
				FADA80881E4AE18F0069943D /* NoiseView.swift in Sources */,
				FA09158E1E2AA9BE0052BCEC /* RootViewController.swift in Sources */,
				FA0915831E2AA9480052BCEC /* PlaylistViewController.swift in Sources */,
				FA0915861E2AA97B0052BCEC /* LibraryViewController.swift in Sources */,
				FADA808E1E4C0D680069943D /* NowPlayingGameViewCell.swift in Sources */,
				FA0915971E2B367B0052BCEC /* NowPlayingGameViewController.swift in Sources */,
				FA09156D1E2AA4210052BCEC /* AppDelegate.swift in Sources */,
			);
			runOnlyForDeploymentPostprocessing = 0;
		};
/* End PBXSourcesBuildPhase section */

/* Begin PBXVariantGroup section */
		FA0915721E2AA4210052BCEC /* Main.storyboard */ = {
			isa = PBXVariantGroup;
			children = (
				FA0915731E2AA4210052BCEC /* Base */,
			);
			name = Main.storyboard;
			sourceTree = "<group>";
		};
		FA0915771E2AA4210052BCEC /* LaunchScreen.storyboard */ = {
			isa = PBXVariantGroup;
			children = (
				FA0915781E2AA4210052BCEC /* Base */,
			);
			name = LaunchScreen.storyboard;
			sourceTree = "<group>";
		};
/* End PBXVariantGroup section */

/* Begin XCBuildConfiguration section */
		FA09157B1E2AA4210052BCEC /* Debug */ = {
			isa = XCBuildConfiguration;
			buildSettings = {
				ALWAYS_SEARCH_USER_PATHS = NO;
				CLANG_ANALYZER_NONNULL = YES;
				CLANG_CXX_LANGUAGE_STANDARD = "gnu++0x";
				CLANG_CXX_LIBRARY = "libc++";
				CLANG_ENABLE_MODULES = YES;
				CLANG_ENABLE_OBJC_ARC = YES;
				CLANG_WARN_BOOL_CONVERSION = YES;
				CLANG_WARN_CONSTANT_CONVERSION = YES;
				CLANG_WARN_DIRECT_OBJC_ISA_USAGE = YES_ERROR;
				CLANG_WARN_DOCUMENTATION_COMMENTS = YES;
				CLANG_WARN_EMPTY_BODY = YES;
				CLANG_WARN_ENUM_CONVERSION = YES;
				CLANG_WARN_INFINITE_RECURSION = YES;
				CLANG_WARN_INT_CONVERSION = YES;
				CLANG_WARN_OBJC_ROOT_CLASS = YES_ERROR;
				CLANG_WARN_SUSPICIOUS_MOVE = YES;
				CLANG_WARN_UNREACHABLE_CODE = YES;
				CLANG_WARN__DUPLICATE_METHOD_MATCH = YES;
				"CODE_SIGN_IDENTITY[sdk=iphoneos*]" = "iPhone Developer";
				COPY_PHASE_STRIP = NO;
				DEBUG_INFORMATION_FORMAT = dwarf;
				ENABLE_STRICT_OBJC_MSGSEND = YES;
				ENABLE_TESTABILITY = YES;
				GCC_C_LANGUAGE_STANDARD = gnu99;
				GCC_DYNAMIC_NO_PIC = NO;
				GCC_NO_COMMON_BLOCKS = YES;
				GCC_OPTIMIZATION_LEVEL = 0;
				GCC_PREPROCESSOR_DEFINITIONS = (
					"DEBUG=1",
					"$(inherited)",
				);
				GCC_WARN_64_TO_32_BIT_CONVERSION = YES;
				GCC_WARN_ABOUT_RETURN_TYPE = YES_ERROR;
				GCC_WARN_UNDECLARED_SELECTOR = YES;
				GCC_WARN_UNINITIALIZED_AUTOS = YES_AGGRESSIVE;
				GCC_WARN_UNUSED_FUNCTION = YES;
				GCC_WARN_UNUSED_VARIABLE = YES;
				IPHONEOS_DEPLOYMENT_TARGET = 10.2;
				MTL_ENABLE_DEBUG_INFO = YES;
				ONLY_ACTIVE_ARCH = YES;
				SDKROOT = iphoneos;
				SWIFT_ACTIVE_COMPILATION_CONDITIONS = DEBUG;
				SWIFT_OPTIMIZATION_LEVEL = "-Onone";
				TARGETED_DEVICE_FAMILY = "1,2";
			};
			name = Debug;
		};
		FA09157C1E2AA4210052BCEC /* Release */ = {
			isa = XCBuildConfiguration;
			buildSettings = {
				ALWAYS_SEARCH_USER_PATHS = NO;
				CLANG_ANALYZER_NONNULL = YES;
				CLANG_CXX_LANGUAGE_STANDARD = "gnu++0x";
				CLANG_CXX_LIBRARY = "libc++";
				CLANG_ENABLE_MODULES = YES;
				CLANG_ENABLE_OBJC_ARC = YES;
				CLANG_WARN_BOOL_CONVERSION = YES;
				CLANG_WARN_CONSTANT_CONVERSION = YES;
				CLANG_WARN_DIRECT_OBJC_ISA_USAGE = YES_ERROR;
				CLANG_WARN_DOCUMENTATION_COMMENTS = YES;
				CLANG_WARN_EMPTY_BODY = YES;
				CLANG_WARN_ENUM_CONVERSION = YES;
				CLANG_WARN_INFINITE_RECURSION = YES;
				CLANG_WARN_INT_CONVERSION = YES;
				CLANG_WARN_OBJC_ROOT_CLASS = YES_ERROR;
				CLANG_WARN_SUSPICIOUS_MOVE = YES;
				CLANG_WARN_UNREACHABLE_CODE = YES;
				CLANG_WARN__DUPLICATE_METHOD_MATCH = YES;
				"CODE_SIGN_IDENTITY[sdk=iphoneos*]" = "iPhone Developer";
				COPY_PHASE_STRIP = NO;
				DEBUG_INFORMATION_FORMAT = "dwarf-with-dsym";
				ENABLE_NS_ASSERTIONS = NO;
				ENABLE_STRICT_OBJC_MSGSEND = YES;
				GCC_C_LANGUAGE_STANDARD = gnu99;
				GCC_NO_COMMON_BLOCKS = YES;
				GCC_WARN_64_TO_32_BIT_CONVERSION = YES;
				GCC_WARN_ABOUT_RETURN_TYPE = YES_ERROR;
				GCC_WARN_UNDECLARED_SELECTOR = YES;
				GCC_WARN_UNINITIALIZED_AUTOS = YES_AGGRESSIVE;
				GCC_WARN_UNUSED_FUNCTION = YES;
				GCC_WARN_UNUSED_VARIABLE = YES;
				IPHONEOS_DEPLOYMENT_TARGET = 10.2;
				MTL_ENABLE_DEBUG_INFO = NO;
				SDKROOT = iphoneos;
				SWIFT_OPTIMIZATION_LEVEL = "-Owholemodule";
				TARGETED_DEVICE_FAMILY = "1,2";
				VALIDATE_PRODUCT = YES;
			};
			name = Release;
		};
		FA09157E1E2AA4210052BCEC /* Debug */ = {
			isa = XCBuildConfiguration;
			baseConfigurationReference = 9AAD962DF395F2D66FEC110A /* Pods-Backlogger.debug.xcconfig */;
			buildSettings = {
				ASSETCATALOG_COMPILER_APPICON_NAME = AppIcon;
				DEVELOPMENT_TEAM = RJTCSD68GK;
				INFOPLIST_FILE = Backlogger/Info.plist;
				LD_RUNPATH_SEARCH_PATHS = "$(inherited) @executable_path/Frameworks";
				PRODUCT_BUNDLE_IDENTIFIER = "com.a-busman.Backlogger";
				PRODUCT_NAME = "$(TARGET_NAME)";
				SWIFT_VERSION = 3.0;
			};
			name = Debug;
		};
		FA09157F1E2AA4210052BCEC /* Release */ = {
			isa = XCBuildConfiguration;
			baseConfigurationReference = D199AF38A366A54E48258FDF /* Pods-Backlogger.release.xcconfig */;
			buildSettings = {
				ASSETCATALOG_COMPILER_APPICON_NAME = AppIcon;
				DEVELOPMENT_TEAM = RJTCSD68GK;
				INFOPLIST_FILE = Backlogger/Info.plist;
				LD_RUNPATH_SEARCH_PATHS = "$(inherited) @executable_path/Frameworks";
				PRODUCT_BUNDLE_IDENTIFIER = "com.a-busman.Backlogger";
				PRODUCT_NAME = "$(TARGET_NAME)";
				SWIFT_VERSION = 3.0;
			};
			name = Release;
		};
/* End XCBuildConfiguration section */

/* Begin XCConfigurationList section */
		FA0915641E2AA4210052BCEC /* Build configuration list for PBXProject "Backlogger" */ = {
			isa = XCConfigurationList;
			buildConfigurations = (
				FA09157B1E2AA4210052BCEC /* Debug */,
				FA09157C1E2AA4210052BCEC /* Release */,
			);
			defaultConfigurationIsVisible = 0;
			defaultConfigurationName = Release;
		};
		FA09157D1E2AA4210052BCEC /* Build configuration list for PBXNativeTarget "Backlogger" */ = {
			isa = XCConfigurationList;
			buildConfigurations = (
				FA09157E1E2AA4210052BCEC /* Debug */,
				FA09157F1E2AA4210052BCEC /* Release */,
			);
			defaultConfigurationIsVisible = 0;
			defaultConfigurationName = Release;
		};
/* End XCConfigurationList section */
	};
	rootObject = FA0915611E2AA4210052BCEC /* Project object */;
}
